// !$*UTF8*$!
{
	archiveVersion = 1;
	classes = {
	};
	objectVersion = 46;
	objects = {

/* Begin PBXBuildFile section */
		031A069C0E9F154A00DADB91 /* mailsender.m in Sources */ = {isa = PBXBuildFile; fileRef = 031A069B0E9F154A00DADB91 /* mailsender.m */; };
		031A06B40E9F168A00DADB91 /* EDMessage.framework in Frameworks */ = {isa = PBXBuildFile; fileRef = 8DC2EF5B0486A6940098B216 /* EDMessage.framework */; };
		031A06B60E9F169100DADB91 /* Cocoa.framework in Frameworks */ = {isa = PBXBuildFile; fileRef = 1058C7B1FEA5585E11CA2CBB /* Cocoa.framework */; };
		8DC2EF570486A6940098B216 /* Cocoa.framework in Frameworks */ = {isa = PBXBuildFile; fileRef = 1058C7B1FEA5585E11CA2CBB /* Cocoa.framework */; };
		D15CC88E14E54DEC000047C3 /* Foundation.framework in Frameworks */ = {isa = PBXBuildFile; fileRef = D15CC88D14E54DEC000047C3 /* Foundation.framework */; };
		D15CC89A14E54E70000047C3 /* NSCharacterSet+MIME.m in Sources */ = {isa = PBXBuildFile; fileRef = DE221EAE0DD3E0AE00DBD46E /* NSCharacterSet+MIME.m */; };
		D15CC89B14E54E70000047C3 /* NSData+MIME.m in Sources */ = {isa = PBXBuildFile; fileRef = DE221EB00DD3E0AE00DBD46E /* NSData+MIME.m */; };
		D15CC89D14E54E70000047C3 /* NSString+MessageUtils.m in Sources */ = {isa = PBXBuildFile; fileRef = DE221EB40DD3E0AE00DBD46E /* NSString+MessageUtils.m */; };
		D15CC89E14E54E70000047C3 /* NSString+PlainTextFlowedExtensions.m in Sources */ = {isa = PBXBuildFile; fileRef = DE221EB60DD3E0AE00DBD46E /* NSString+PlainTextFlowedExtensions.m */; };
		D15CC89F14E54E91000047C3 /* EDHeaderBearingObject.m in Sources */ = {isa = PBXBuildFile; fileRef = DE221EEE0DD3E13B00DBD46E /* EDHeaderBearingObject.m */; };
		D15CC8A014E54E91000047C3 /* EDMessagePart.m in Sources */ = {isa = PBXBuildFile; fileRef = DE221EF40DD3E13B00DBD46E /* EDMessagePart.m */; };
		D15CC8A114E54E91000047C3 /* EDInternetMessage.m in Sources */ = {isa = PBXBuildFile; fileRef = DE221EF00DD3E13B00DBD46E /* EDInternetMessage.m */; };
		D15CC8A214E54E91000047C3 /* EDMConstants.m in Sources */ = {isa = PBXBuildFile; fileRef = DE221EF20DD3E13B00DBD46E /* EDMConstants.m */; };
		D15CC8A314E54E91000047C3 /* EDDateFieldCoder.m in Sources */ = {isa = PBXBuildFile; fileRef = DE221EC80DD3E0DD00DBD46E /* EDDateFieldCoder.m */; };
		D15CC8A414E54E91000047C3 /* EDEntityFieldCoder.m in Sources */ = {isa = PBXBuildFile; fileRef = DE221ECA0DD3E0DD00DBD46E /* EDEntityFieldCoder.m */; };
		D15CC8A614E54E91000047C3 /* EDHeaderFieldCoder.m in Sources */ = {isa = PBXBuildFile; fileRef = DE221ECE0DD3E0DD00DBD46E /* EDHeaderFieldCoder.m */; };
		D15CC8A714E54E91000047C3 /* EDIdListFieldCoder.m in Sources */ = {isa = PBXBuildFile; fileRef = DE221ED00DD3E0DD00DBD46E /* EDIdListFieldCoder.m */; };
		D15CC8A814E54E91000047C3 /* EDTextFieldCoder.m in Sources */ = {isa = PBXBuildFile; fileRef = DE221ED20DD3E0DD00DBD46E /* EDTextFieldCoder.m */; };
		D15CC8A914E54E91000047C3 /* EDCompositeContentCoder.m in Sources */ = {isa = PBXBuildFile; fileRef = DE221E900DD3E08400DBD46E /* EDCompositeContentCoder.m */; };
		D15CC8AA14E54E91000047C3 /* EDContentCoder.m in Sources */ = {isa = PBXBuildFile; fileRef = DE221E920DD3E08400DBD46E /* EDContentCoder.m */; };
		D15CC8AB14E54E91000047C3 /* EDHTMLTextContentCoder.m in Sources */ = {isa = PBXBuildFile; fileRef = DE221E940DD3E08400DBD46E /* EDHTMLTextContentCoder.m */; };
		D15CC8AC14E54E91000047C3 /* EDMultimediaContentCoder.m in Sources */ = {isa = PBXBuildFile; fileRef = DE221E960DD3E08400DBD46E /* EDMultimediaContentCoder.m */; };
		D15CC8AD14E54E91000047C3 /* EDPlainTextContentCoder.m in Sources */ = {isa = PBXBuildFile; fileRef = DE221E980DD3E08400DBD46E /* EDPlainTextContentCoder.m */; };
		D15CC8AE14E54E91000047C3 /* EDTextContentCoder.m in Sources */ = {isa = PBXBuildFile; fileRef = DE221E9A0DD3E08400DBD46E /* EDTextContentCoder.m */; };
		D15CC8B714E55120000047C3 /* EDMessage.h in Headers */ = {isa = PBXBuildFile; fileRef = DE221E850DD3E05B00DBD46E /* EDMessage.h */; settings = {ATTRIBUTES = (Public, ); }; };
		D15CC8B814E55120000047C3 /* EDMessageDefines.h in Headers */ = {isa = PBXBuildFile; fileRef = DE221E860DD3E05B00DBD46E /* EDMessageDefines.h */; settings = {ATTRIBUTES = (Public, ); }; };
		D15CC8B914E55120000047C3 /* utilities.h in Headers */ = {isa = PBXBuildFile; fileRef = DE221E880DD3E05B00DBD46E /* utilities.h */; settings = {ATTRIBUTES = (Public, ); }; };
		D15CC8BA14E55120000047C3 /* NSDate+NetExt.h in Headers */ = {isa = PBXBuildFile; fileRef = DE221EA90DD3E0AE00DBD46E /* NSDate+NetExt.h */; settings = {ATTRIBUTES = (Public, ); }; };
		D15CC8BB14E55120000047C3 /* NSCharacterSet+MIME.h in Headers */ = {isa = PBXBuildFile; fileRef = DE221EAD0DD3E0AE00DBD46E /* NSCharacterSet+MIME.h */; settings = {ATTRIBUTES = (Public, ); }; };
		D15CC8BC14E55120000047C3 /* NSData+MIME.h in Headers */ = {isa = PBXBuildFile; fileRef = DE221EAF0DD3E0AE00DBD46E /* NSData+MIME.h */; settings = {ATTRIBUTES = (Public, ); }; };
		D15CC8BD14E55120000047C3 /* NSImage+XFace.h in Headers */ = {isa = PBXBuildFile; fileRef = DE221EB10DD3E0AE00DBD46E /* NSImage+XFace.h */; settings = {ATTRIBUTES = (Public, ); }; };
		D15CC8BE14E55120000047C3 /* NSString+MessageUtils.h in Headers */ = {isa = PBXBuildFile; fileRef = DE221EB30DD3E0AE00DBD46E /* NSString+MessageUtils.h */; settings = {ATTRIBUTES = (Public, ); }; };
		D15CC8BF14E55120000047C3 /* NSString+PlainTextFlowedExtensions.h in Headers */ = {isa = PBXBuildFile; fileRef = DE221EB50DD3E0AE00DBD46E /* NSString+PlainTextFlowedExtensions.h */; settings = {ATTRIBUTES = (Public, ); }; };
		D15CC8C014E55120000047C3 /* EDMConstants.h in Headers */ = {isa = PBXBuildFile; fileRef = DE221EF10DD3E13B00DBD46E /* EDMConstants.h */; settings = {ATTRIBUTES = (Public, ); }; };
		D15CC8C114E55120000047C3 /* EDHeaderBearingObject.h in Headers */ = {isa = PBXBuildFile; fileRef = DE221EED0DD3E13B00DBD46E /* EDHeaderBearingObject.h */; settings = {ATTRIBUTES = (Public, ); }; };
		D15CC8C214E55120000047C3 /* EDMessagePart.h in Headers */ = {isa = PBXBuildFile; fileRef = DE221EF30DD3E13B00DBD46E /* EDMessagePart.h */; settings = {ATTRIBUTES = (Public, ); }; };
		D15CC8C314E55120000047C3 /* EDInternetMessage.h in Headers */ = {isa = PBXBuildFile; fileRef = DE221EEF0DD3E13B00DBD46E /* EDInternetMessage.h */; settings = {ATTRIBUTES = (Public, ); }; };
		D15CC8C414E55120000047C3 /* EDDateFieldCoder.h in Headers */ = {isa = PBXBuildFile; fileRef = DE221EC70DD3E0DD00DBD46E /* EDDateFieldCoder.h */; settings = {ATTRIBUTES = (Public, ); }; };
		D15CC8C514E55120000047C3 /* EDEntityFieldCoder.h in Headers */ = {isa = PBXBuildFile; fileRef = DE221EC90DD3E0DD00DBD46E /* EDEntityFieldCoder.h */; settings = {ATTRIBUTES = (Public, ); }; };
		D15CC8C614E55120000047C3 /* EDFaceFieldCoder.h in Headers */ = {isa = PBXBuildFile; fileRef = DE221ECB0DD3E0DD00DBD46E /* EDFaceFieldCoder.h */; settings = {ATTRIBUTES = (Public, ); }; };
		D15CC8C714E55120000047C3 /* EDHeaderFieldCoder.h in Headers */ = {isa = PBXBuildFile; fileRef = DE221ECD0DD3E0DD00DBD46E /* EDHeaderFieldCoder.h */; settings = {ATTRIBUTES = (Public, ); }; };
		D15CC8C814E55120000047C3 /* EDIdListFieldCoder.h in Headers */ = {isa = PBXBuildFile; fileRef = DE221ECF0DD3E0DD00DBD46E /* EDIdListFieldCoder.h */; settings = {ATTRIBUTES = (Public, ); }; };
		D15CC8C914E55120000047C3 /* EDTextFieldCoder.h in Headers */ = {isa = PBXBuildFile; fileRef = DE221ED10DD3E0DD00DBD46E /* EDTextFieldCoder.h */; settings = {ATTRIBUTES = (Public, ); }; };
		D15CC8CA14E55120000047C3 /* EDCompositeContentCoder.h in Headers */ = {isa = PBXBuildFile; fileRef = DE221E8F0DD3E08400DBD46E /* EDCompositeContentCoder.h */; settings = {ATTRIBUTES = (Public, ); }; };
		D15CC8CB14E55120000047C3 /* EDContentCoder.h in Headers */ = {isa = PBXBuildFile; fileRef = DE221E910DD3E08400DBD46E /* EDContentCoder.h */; settings = {ATTRIBUTES = (Public, ); }; };
		D15CC8CC14E55120000047C3 /* EDHTMLTextContentCoder.h in Headers */ = {isa = PBXBuildFile; fileRef = DE221E930DD3E08400DBD46E /* EDHTMLTextContentCoder.h */; settings = {ATTRIBUTES = (Public, ); }; };
		D15CC8CD14E55120000047C3 /* EDMultimediaContentCoder.h in Headers */ = {isa = PBXBuildFile; fileRef = DE221E950DD3E08400DBD46E /* EDMultimediaContentCoder.h */; settings = {ATTRIBUTES = (Public, ); }; };
		D15CC8CE14E55120000047C3 /* EDPlainTextContentCoder.h in Headers */ = {isa = PBXBuildFile; fileRef = DE221E970DD3E08400DBD46E /* EDPlainTextContentCoder.h */; settings = {ATTRIBUTES = (Public, ); }; };
		D15CC8CF14E55120000047C3 /* EDTextContentCoder.h in Headers */ = {isa = PBXBuildFile; fileRef = DE221E990DD3E08400DBD46E /* EDTextContentCoder.h */; settings = {ATTRIBUTES = (Public, ); }; };
		D15CC93E14E55F27000047C3 /* NSDate+NetExt.m in Sources */ = {isa = PBXBuildFile; fileRef = DE221EAA0DD3E0AE00DBD46E /* NSDate+NetExt.m */; };
		D15CC95514E58056000047C3 /* parsedate.y in Sources */ = {isa = PBXBuildFile; fileRef = DE0C15950E61BA1F00C1BC3F /* parsedate.y */; };
		D175522914E31F45002C2596 /* EDCommon.framework in Frameworks */ = {isa = PBXBuildFile; fileRef = D175522614E31ED5002C2596 /* EDCommon.framework */; };
		DE0C15960E61BA1F00C1BC3F /* parsedate.y in Sources */ = {isa = PBXBuildFile; fileRef = DE0C15950E61BA1F00C1BC3F /* parsedate.y */; };
		DE221E890DD3E05B00DBD46E /* EDMessage.h in Headers */ = {isa = PBXBuildFile; fileRef = DE221E850DD3E05B00DBD46E /* EDMessage.h */; settings = {ATTRIBUTES = (Public, ); }; };
		DE221E8A0DD3E05B00DBD46E /* EDMessageDefines.h in Headers */ = {isa = PBXBuildFile; fileRef = DE221E860DD3E05B00DBD46E /* EDMessageDefines.h */; settings = {ATTRIBUTES = (Public, ); }; };
		DE221E8C0DD3E05B00DBD46E /* utilities.h in Headers */ = {isa = PBXBuildFile; fileRef = DE221E880DD3E05B00DBD46E /* utilities.h */; settings = {ATTRIBUTES = (Public, ); }; };
		DE221E9B0DD3E08400DBD46E /* EDCompositeContentCoder.h in Headers */ = {isa = PBXBuildFile; fileRef = DE221E8F0DD3E08400DBD46E /* EDCompositeContentCoder.h */; settings = {ATTRIBUTES = (Public, ); }; };
		DE221E9C0DD3E08400DBD46E /* EDCompositeContentCoder.m in Sources */ = {isa = PBXBuildFile; fileRef = DE221E900DD3E08400DBD46E /* EDCompositeContentCoder.m */; };
		DE221E9D0DD3E08400DBD46E /* EDContentCoder.h in Headers */ = {isa = PBXBuildFile; fileRef = DE221E910DD3E08400DBD46E /* EDContentCoder.h */; settings = {ATTRIBUTES = (Public, ); }; };
		DE221E9E0DD3E08400DBD46E /* EDContentCoder.m in Sources */ = {isa = PBXBuildFile; fileRef = DE221E920DD3E08400DBD46E /* EDContentCoder.m */; };
		DE221E9F0DD3E08400DBD46E /* EDHTMLTextContentCoder.h in Headers */ = {isa = PBXBuildFile; fileRef = DE221E930DD3E08400DBD46E /* EDHTMLTextContentCoder.h */; settings = {ATTRIBUTES = (Public, ); }; };
		DE221EA00DD3E08400DBD46E /* EDHTMLTextContentCoder.m in Sources */ = {isa = PBXBuildFile; fileRef = DE221E940DD3E08400DBD46E /* EDHTMLTextContentCoder.m */; };
		DE221EA10DD3E08400DBD46E /* EDMultimediaContentCoder.h in Headers */ = {isa = PBXBuildFile; fileRef = DE221E950DD3E08400DBD46E /* EDMultimediaContentCoder.h */; settings = {ATTRIBUTES = (Public, ); }; };
		DE221EA20DD3E08400DBD46E /* EDMultimediaContentCoder.m in Sources */ = {isa = PBXBuildFile; fileRef = DE221E960DD3E08400DBD46E /* EDMultimediaContentCoder.m */; };
		DE221EA30DD3E08400DBD46E /* EDPlainTextContentCoder.h in Headers */ = {isa = PBXBuildFile; fileRef = DE221E970DD3E08400DBD46E /* EDPlainTextContentCoder.h */; settings = {ATTRIBUTES = (Public, ); }; };
		DE221EA40DD3E08400DBD46E /* EDPlainTextContentCoder.m in Sources */ = {isa = PBXBuildFile; fileRef = DE221E980DD3E08400DBD46E /* EDPlainTextContentCoder.m */; };
		DE221EA50DD3E08400DBD46E /* EDTextContentCoder.h in Headers */ = {isa = PBXBuildFile; fileRef = DE221E990DD3E08400DBD46E /* EDTextContentCoder.h */; settings = {ATTRIBUTES = (Public, ); }; };
		DE221EA60DD3E08400DBD46E /* EDTextContentCoder.m in Sources */ = {isa = PBXBuildFile; fileRef = DE221E9A0DD3E08400DBD46E /* EDTextContentCoder.m */; };
		DE221EB70DD3E0AE00DBD46E /* NSDate+NetExt.h in Headers */ = {isa = PBXBuildFile; fileRef = DE221EA90DD3E0AE00DBD46E /* NSDate+NetExt.h */; settings = {ATTRIBUTES = (Public, ); }; };
		DE221EB80DD3E0AE00DBD46E /* NSDate+NetExt.m in Sources */ = {isa = PBXBuildFile; fileRef = DE221EAA0DD3E0AE00DBD46E /* NSDate+NetExt.m */; };
		DE221EBB0DD3E0AE00DBD46E /* NSCharacterSet+MIME.h in Headers */ = {isa = PBXBuildFile; fileRef = DE221EAD0DD3E0AE00DBD46E /* NSCharacterSet+MIME.h */; settings = {ATTRIBUTES = (Public, ); }; };
		DE221EBC0DD3E0AE00DBD46E /* NSCharacterSet+MIME.m in Sources */ = {isa = PBXBuildFile; fileRef = DE221EAE0DD3E0AE00DBD46E /* NSCharacterSet+MIME.m */; };
		DE221EBD0DD3E0AE00DBD46E /* NSData+MIME.h in Headers */ = {isa = PBXBuildFile; fileRef = DE221EAF0DD3E0AE00DBD46E /* NSData+MIME.h */; settings = {ATTRIBUTES = (Public, ); }; };
		DE221EBE0DD3E0AE00DBD46E /* NSData+MIME.m in Sources */ = {isa = PBXBuildFile; fileRef = DE221EB00DD3E0AE00DBD46E /* NSData+MIME.m */; };
		DE221EBF0DD3E0AE00DBD46E /* NSImage+XFace.h in Headers */ = {isa = PBXBuildFile; fileRef = DE221EB10DD3E0AE00DBD46E /* NSImage+XFace.h */; settings = {ATTRIBUTES = (Public, ); }; };
		DE221EC00DD3E0AE00DBD46E /* NSImage+XFace.m in Sources */ = {isa = PBXBuildFile; fileRef = DE221EB20DD3E0AE00DBD46E /* NSImage+XFace.m */; };
		DE221EC10DD3E0AE00DBD46E /* NSString+MessageUtils.h in Headers */ = {isa = PBXBuildFile; fileRef = DE221EB30DD3E0AE00DBD46E /* NSString+MessageUtils.h */; settings = {ATTRIBUTES = (Public, ); }; };
		DE221EC20DD3E0AE00DBD46E /* NSString+MessageUtils.m in Sources */ = {isa = PBXBuildFile; fileRef = DE221EB40DD3E0AE00DBD46E /* NSString+MessageUtils.m */; };
		DE221EC30DD3E0AE00DBD46E /* NSString+PlainTextFlowedExtensions.h in Headers */ = {isa = PBXBuildFile; fileRef = DE221EB50DD3E0AE00DBD46E /* NSString+PlainTextFlowedExtensions.h */; settings = {ATTRIBUTES = (Public, ); }; };
		DE221EC40DD3E0AE00DBD46E /* NSString+PlainTextFlowedExtensions.m in Sources */ = {isa = PBXBuildFile; fileRef = DE221EB60DD3E0AE00DBD46E /* NSString+PlainTextFlowedExtensions.m */; };
		DE221ED40DD3E0DD00DBD46E /* EDDateFieldCoder.h in Headers */ = {isa = PBXBuildFile; fileRef = DE221EC70DD3E0DD00DBD46E /* EDDateFieldCoder.h */; settings = {ATTRIBUTES = (Public, ); }; };
		DE221ED50DD3E0DD00DBD46E /* EDDateFieldCoder.m in Sources */ = {isa = PBXBuildFile; fileRef = DE221EC80DD3E0DD00DBD46E /* EDDateFieldCoder.m */; };
		DE221ED60DD3E0DD00DBD46E /* EDEntityFieldCoder.h in Headers */ = {isa = PBXBuildFile; fileRef = DE221EC90DD3E0DD00DBD46E /* EDEntityFieldCoder.h */; settings = {ATTRIBUTES = (Public, ); }; };
		DE221ED70DD3E0DD00DBD46E /* EDEntityFieldCoder.m in Sources */ = {isa = PBXBuildFile; fileRef = DE221ECA0DD3E0DD00DBD46E /* EDEntityFieldCoder.m */; };
		DE221ED80DD3E0DD00DBD46E /* EDFaceFieldCoder.h in Headers */ = {isa = PBXBuildFile; fileRef = DE221ECB0DD3E0DD00DBD46E /* EDFaceFieldCoder.h */; settings = {ATTRIBUTES = (Public, ); }; };
		DE221ED90DD3E0DD00DBD46E /* EDFaceFieldCoder.m in Sources */ = {isa = PBXBuildFile; fileRef = DE221ECC0DD3E0DD00DBD46E /* EDFaceFieldCoder.m */; };
		DE221EDA0DD3E0DD00DBD46E /* EDHeaderFieldCoder.h in Headers */ = {isa = PBXBuildFile; fileRef = DE221ECD0DD3E0DD00DBD46E /* EDHeaderFieldCoder.h */; settings = {ATTRIBUTES = (Public, ); }; };
		DE221EDB0DD3E0DD00DBD46E /* EDHeaderFieldCoder.m in Sources */ = {isa = PBXBuildFile; fileRef = DE221ECE0DD3E0DD00DBD46E /* EDHeaderFieldCoder.m */; };
		DE221EDC0DD3E0DD00DBD46E /* EDIdListFieldCoder.h in Headers */ = {isa = PBXBuildFile; fileRef = DE221ECF0DD3E0DD00DBD46E /* EDIdListFieldCoder.h */; settings = {ATTRIBUTES = (Public, ); }; };
		DE221EDD0DD3E0DD00DBD46E /* EDIdListFieldCoder.m in Sources */ = {isa = PBXBuildFile; fileRef = DE221ED00DD3E0DD00DBD46E /* EDIdListFieldCoder.m */; };
		DE221EDE0DD3E0DD00DBD46E /* EDTextFieldCoder.h in Headers */ = {isa = PBXBuildFile; fileRef = DE221ED10DD3E0DD00DBD46E /* EDTextFieldCoder.h */; settings = {ATTRIBUTES = (Public, ); }; };
		DE221EDF0DD3E0DD00DBD46E /* EDTextFieldCoder.m in Sources */ = {isa = PBXBuildFile; fileRef = DE221ED20DD3E0DD00DBD46E /* EDTextFieldCoder.m */; };
		DE221EF50DD3E13B00DBD46E /* EDHeaderBearingObject.h in Headers */ = {isa = PBXBuildFile; fileRef = DE221EED0DD3E13B00DBD46E /* EDHeaderBearingObject.h */; settings = {ATTRIBUTES = (Public, ); }; };
		DE221EF60DD3E13B00DBD46E /* EDHeaderBearingObject.m in Sources */ = {isa = PBXBuildFile; fileRef = DE221EEE0DD3E13B00DBD46E /* EDHeaderBearingObject.m */; };
		DE221EF70DD3E13B00DBD46E /* EDInternetMessage.h in Headers */ = {isa = PBXBuildFile; fileRef = DE221EEF0DD3E13B00DBD46E /* EDInternetMessage.h */; settings = {ATTRIBUTES = (Public, ); }; };
		DE221EF80DD3E13B00DBD46E /* EDInternetMessage.m in Sources */ = {isa = PBXBuildFile; fileRef = DE221EF00DD3E13B00DBD46E /* EDInternetMessage.m */; };
		DE221EF90DD3E13B00DBD46E /* EDMConstants.h in Headers */ = {isa = PBXBuildFile; fileRef = DE221EF10DD3E13B00DBD46E /* EDMConstants.h */; settings = {ATTRIBUTES = (Public, ); }; };
		DE221EFA0DD3E13B00DBD46E /* EDMConstants.m in Sources */ = {isa = PBXBuildFile; fileRef = DE221EF20DD3E13B00DBD46E /* EDMConstants.m */; };
		DE221EFB0DD3E13B00DBD46E /* EDMessagePart.h in Headers */ = {isa = PBXBuildFile; fileRef = DE221EF30DD3E13B00DBD46E /* EDMessagePart.h */; settings = {ATTRIBUTES = (Public, ); }; };
		DE221EFC0DD3E13B00DBD46E /* EDMessagePart.m in Sources */ = {isa = PBXBuildFile; fileRef = DE221EF40DD3E13B00DBD46E /* EDMessagePart.m */; };
		DEB8D3380DD8A43E007E88A5 /* Security.framework in Frameworks */ = {isa = PBXBuildFile; fileRef = DEB8D3370DD8A43E007E88A5 /* Security.framework */; };
		DEDA09100DDA2A6400A8B498 /* EDMessageTOC.html in Resources */ = {isa = PBXBuildFile; fileRef = DEDA090E0DDA2A6300A8B498 /* EDMessageTOC.html */; };
/* End PBXBuildFile section */

/* Begin PBXContainerItemProxy section */
		D15CC88414E54DC1000047C3 /* PBXContainerItemProxy */ = {
			isa = PBXContainerItemProxy;
			containerPortal = D175521E14E31ED5002C2596 /* EDCommon.xcodeproj */;
			proxyType = 2;
			remoteGlobalIDString = D1A02ED414E471C300178E39;
			remoteInfo = EDCommonStatic;
		};
		D15CC93C14E55689000047C3 /* PBXContainerItemProxy */ = {
			isa = PBXContainerItemProxy;
			containerPortal = D175521E14E31ED5002C2596 /* EDCommon.xcodeproj */;
			proxyType = 1;
			remoteGlobalIDString = D1A02ED314E471C300178E39;
			remoteInfo = EDCommonStatic;
		};
		D175522514E31ED5002C2596 /* PBXContainerItemProxy */ = {
			isa = PBXContainerItemProxy;
			containerPortal = D175521E14E31ED5002C2596 /* EDCommon.xcodeproj */;
			proxyType = 2;
			remoteGlobalIDString = AD39F33905443F3E0086D411;
			remoteInfo = EDCommon;
		};
		D175522714E31EE6002C2596 /* PBXContainerItemProxy */ = {
			isa = PBXContainerItemProxy;
			containerPortal = D175521E14E31ED5002C2596 /* EDCommon.xcodeproj */;
			proxyType = 1;
			remoteGlobalIDString = AD39F29B05443F3D0086D411;
			remoteInfo = EDCommon;
		};
/* End PBXContainerItemProxy section */

/* Begin PBXFileReference section */
		031A06950E9F14EB00DADB91 /* MailSender */ = {isa = PBXFileReference; explicitFileType = "compiled.mach-o.executable"; includeInIndex = 0; path = MailSender; sourceTree = BUILT_PRODUCTS_DIR; };
		031A069B0E9F154A00DADB91 /* mailsender.m */ = {isa = PBXFileReference; fileEncoding = 4; lastKnownFileType = sourcecode.c.objc; name = mailsender.m; path = Test/mailsender.m; sourceTree = "<group>"; };
		0867D69BFE84028FC02AAC07 /* Foundation.framework */ = {isa = PBXFileReference; lastKnownFileType = wrapper.framework; name = Foundation.framework; path = /System/Library/Frameworks/Foundation.framework; sourceTree = "<absolute>"; };
		0867D6A5FE840307C02AAC07 /* AppKit.framework */ = {isa = PBXFileReference; lastKnownFileType = wrapper.framework; name = AppKit.framework; path = /System/Library/Frameworks/AppKit.framework; sourceTree = "<absolute>"; };
		1058C7B1FEA5585E11CA2CBB /* Cocoa.framework */ = {isa = PBXFileReference; lastKnownFileType = wrapper.framework; name = Cocoa.framework; path = /System/Library/Frameworks/Cocoa.framework; sourceTree = "<absolute>"; };
		8DC2EF5A0486A6940098B216 /* Info.plist */ = {isa = PBXFileReference; fileEncoding = 4; lastKnownFileType = text.plist.xml; path = Info.plist; sourceTree = "<group>"; };
		8DC2EF5B0486A6940098B216 /* EDMessage.framework */ = {isa = PBXFileReference; explicitFileType = wrapper.framework; includeInIndex = 0; path = EDMessage.framework; sourceTree = BUILT_PRODUCTS_DIR; };
		D15CC88B14E54DEC000047C3 /* libEDMessageStatic.a */ = {isa = PBXFileReference; explicitFileType = archive.ar; includeInIndex = 0; path = libEDMessageStatic.a; sourceTree = BUILT_PRODUCTS_DIR; };
		D15CC88D14E54DEC000047C3 /* Foundation.framework */ = {isa = PBXFileReference; lastKnownFileType = wrapper.framework; name = Foundation.framework; path = System/Library/Frameworks/Foundation.framework; sourceTree = SDKROOT; };
		D175521E14E31ED5002C2596 /* EDCommon.xcodeproj */ = {isa = PBXFileReference; lastKnownFileType = "wrapper.pb-project"; name = EDCommon.xcodeproj; path = ../EDCommon/EDCommon.xcodeproj; sourceTree = "<group>"; };
		D2F7E79907B2D74100F64583 /* CoreData.framework */ = {isa = PBXFileReference; lastKnownFileType = wrapper.framework; name = CoreData.framework; path = /System/Library/Frameworks/CoreData.framework; sourceTree = "<absolute>"; };
		DE0C15950E61BA1F00C1BC3F /* parsedate.y */ = {isa = PBXFileReference; fileEncoding = 4; lastKnownFileType = sourcecode.yacc; name = parsedate.y; path = HeaderFieldCoder.subproj/parsedate.y; sourceTree = "<group>"; };
		DE221E850DD3E05B00DBD46E /* EDMessage.h */ = {isa = PBXFileReference; fileEncoding = 4; lastKnownFileType = sourcecode.c.h; path = EDMessage.h; sourceTree = "<group>"; };
		DE221E860DD3E05B00DBD46E /* EDMessageDefines.h */ = {isa = PBXFileReference; fileEncoding = 4; lastKnownFileType = sourcecode.c.h; path = EDMessageDefines.h; sourceTree = "<group>"; };
		DE221E880DD3E05B00DBD46E /* utilities.h */ = {isa = PBXFileReference; fileEncoding = 4; lastKnownFileType = sourcecode.c.h; path = utilities.h; sourceTree = "<group>"; };
		DE221E8F0DD3E08400DBD46E /* EDCompositeContentCoder.h */ = {isa = PBXFileReference; fileEncoding = 4; lastKnownFileType = sourcecode.c.h; name = EDCompositeContentCoder.h; path = ContentCoder.subproj/EDCompositeContentCoder.h; sourceTree = "<group>"; };
		DE221E900DD3E08400DBD46E /* EDCompositeContentCoder.m */ = {isa = PBXFileReference; fileEncoding = 4; lastKnownFileType = sourcecode.c.objc; name = EDCompositeContentCoder.m; path = ContentCoder.subproj/EDCompositeContentCoder.m; sourceTree = "<group>"; };
		DE221E910DD3E08400DBD46E /* EDContentCoder.h */ = {isa = PBXFileReference; fileEncoding = 4; lastKnownFileType = sourcecode.c.h; name = EDContentCoder.h; path = ContentCoder.subproj/EDContentCoder.h; sourceTree = "<group>"; };
		DE221E920DD3E08400DBD46E /* EDContentCoder.m */ = {isa = PBXFileReference; fileEncoding = 4; lastKnownFileType = sourcecode.c.objc; name = EDContentCoder.m; path = ContentCoder.subproj/EDContentCoder.m; sourceTree = "<group>"; };
		DE221E930DD3E08400DBD46E /* EDHTMLTextContentCoder.h */ = {isa = PBXFileReference; fileEncoding = 4; lastKnownFileType = sourcecode.c.h; name = EDHTMLTextContentCoder.h; path = ContentCoder.subproj/EDHTMLTextContentCoder.h; sourceTree = "<group>"; };
		DE221E940DD3E08400DBD46E /* EDHTMLTextContentCoder.m */ = {isa = PBXFileReference; fileEncoding = 4; lastKnownFileType = sourcecode.c.objc; name = EDHTMLTextContentCoder.m; path = ContentCoder.subproj/EDHTMLTextContentCoder.m; sourceTree = "<group>"; };
		DE221E950DD3E08400DBD46E /* EDMultimediaContentCoder.h */ = {isa = PBXFileReference; fileEncoding = 4; lastKnownFileType = sourcecode.c.h; name = EDMultimediaContentCoder.h; path = ContentCoder.subproj/EDMultimediaContentCoder.h; sourceTree = "<group>"; };
		DE221E960DD3E08400DBD46E /* EDMultimediaContentCoder.m */ = {isa = PBXFileReference; fileEncoding = 4; lastKnownFileType = sourcecode.c.objc; name = EDMultimediaContentCoder.m; path = ContentCoder.subproj/EDMultimediaContentCoder.m; sourceTree = "<group>"; };
		DE221E970DD3E08400DBD46E /* EDPlainTextContentCoder.h */ = {isa = PBXFileReference; fileEncoding = 4; lastKnownFileType = sourcecode.c.h; name = EDPlainTextContentCoder.h; path = ContentCoder.subproj/EDPlainTextContentCoder.h; sourceTree = "<group>"; };
		DE221E980DD3E08400DBD46E /* EDPlainTextContentCoder.m */ = {isa = PBXFileReference; fileEncoding = 4; lastKnownFileType = sourcecode.c.objc; name = EDPlainTextContentCoder.m; path = ContentCoder.subproj/EDPlainTextContentCoder.m; sourceTree = "<group>"; };
		DE221E990DD3E08400DBD46E /* EDTextContentCoder.h */ = {isa = PBXFileReference; fileEncoding = 4; lastKnownFileType = sourcecode.c.h; name = EDTextContentCoder.h; path = ContentCoder.subproj/EDTextContentCoder.h; sourceTree = "<group>"; };
		DE221E9A0DD3E08400DBD46E /* EDTextContentCoder.m */ = {isa = PBXFileReference; fileEncoding = 4; lastKnownFileType = sourcecode.c.objc; name = EDTextContentCoder.m; path = ContentCoder.subproj/EDTextContentCoder.m; sourceTree = "<group>"; };
		DE221EA90DD3E0AE00DBD46E /* NSDate+NetExt.h */ = {isa = PBXFileReference; fileEncoding = 4; lastKnownFileType = sourcecode.c.h; name = "NSDate+NetExt.h"; path = "FoundationExtensions.subproj/NSDate+NetExt.h"; sourceTree = "<group>"; };
		DE221EAA0DD3E0AE00DBD46E /* NSDate+NetExt.m */ = {isa = PBXFileReference; fileEncoding = 4; lastKnownFileType = sourcecode.c.objc; name = "NSDate+NetExt.m"; path = "FoundationExtensions.subproj/NSDate+NetExt.m"; sourceTree = "<group>"; };
		DE221EAD0DD3E0AE00DBD46E /* NSCharacterSet+MIME.h */ = {isa = PBXFileReference; fileEncoding = 4; lastKnownFileType = sourcecode.c.h; name = "NSCharacterSet+MIME.h"; path = "FoundationExtensions.subproj/NSCharacterSet+MIME.h"; sourceTree = "<group>"; };
		DE221EAE0DD3E0AE00DBD46E /* NSCharacterSet+MIME.m */ = {isa = PBXFileReference; fileEncoding = 4; lastKnownFileType = sourcecode.c.objc; name = "NSCharacterSet+MIME.m"; path = "FoundationExtensions.subproj/NSCharacterSet+MIME.m"; sourceTree = "<group>"; };
		DE221EAF0DD3E0AE00DBD46E /* NSData+MIME.h */ = {isa = PBXFileReference; fileEncoding = 4; lastKnownFileType = sourcecode.c.h; name = "NSData+MIME.h"; path = "FoundationExtensions.subproj/NSData+MIME.h"; sourceTree = "<group>"; };
		DE221EB00DD3E0AE00DBD46E /* NSData+MIME.m */ = {isa = PBXFileReference; fileEncoding = 4; lastKnownFileType = sourcecode.c.objc; name = "NSData+MIME.m"; path = "FoundationExtensions.subproj/NSData+MIME.m"; sourceTree = "<group>"; };
		DE221EB10DD3E0AE00DBD46E /* NSImage+XFace.h */ = {isa = PBXFileReference; fileEncoding = 4; lastKnownFileType = sourcecode.c.h; name = "NSImage+XFace.h"; path = "FoundationExtensions.subproj/NSImage+XFace.h"; sourceTree = "<group>"; };
		DE221EB20DD3E0AE00DBD46E /* NSImage+XFace.m */ = {isa = PBXFileReference; fileEncoding = 4; lastKnownFileType = sourcecode.c.objc; name = "NSImage+XFace.m"; path = "FoundationExtensions.subproj/NSImage+XFace.m"; sourceTree = "<group>"; };
		DE221EB30DD3E0AE00DBD46E /* NSString+MessageUtils.h */ = {isa = PBXFileReference; fileEncoding = 4; lastKnownFileType = sourcecode.c.h; name = "NSString+MessageUtils.h"; path = "FoundationExtensions.subproj/NSString+MessageUtils.h"; sourceTree = "<group>"; };
		DE221EB40DD3E0AE00DBD46E /* NSString+MessageUtils.m */ = {isa = PBXFileReference; fileEncoding = 4; lastKnownFileType = sourcecode.c.objc; name = "NSString+MessageUtils.m"; path = "FoundationExtensions.subproj/NSString+MessageUtils.m"; sourceTree = "<group>"; };
		DE221EB50DD3E0AE00DBD46E /* NSString+PlainTextFlowedExtensions.h */ = {isa = PBXFileReference; fileEncoding = 4; lastKnownFileType = sourcecode.c.h; name = "NSString+PlainTextFlowedExtensions.h"; path = "FoundationExtensions.subproj/NSString+PlainTextFlowedExtensions.h"; sourceTree = "<group>"; };
		DE221EB60DD3E0AE00DBD46E /* NSString+PlainTextFlowedExtensions.m */ = {isa = PBXFileReference; fileEncoding = 4; lastKnownFileType = sourcecode.c.objc; name = "NSString+PlainTextFlowedExtensions.m"; path = "FoundationExtensions.subproj/NSString+PlainTextFlowedExtensions.m"; sourceTree = "<group>"; };
		DE221EC70DD3E0DD00DBD46E /* EDDateFieldCoder.h */ = {isa = PBXFileReference; fileEncoding = 4; lastKnownFileType = sourcecode.c.h; name = EDDateFieldCoder.h; path = HeaderFieldCoder.subproj/EDDateFieldCoder.h; sourceTree = "<group>"; };
		DE221EC80DD3E0DD00DBD46E /* EDDateFieldCoder.m */ = {isa = PBXFileReference; fileEncoding = 4; lastKnownFileType = sourcecode.c.objc; name = EDDateFieldCoder.m; path = HeaderFieldCoder.subproj/EDDateFieldCoder.m; sourceTree = "<group>"; };
		DE221EC90DD3E0DD00DBD46E /* EDEntityFieldCoder.h */ = {isa = PBXFileReference; fileEncoding = 4; lastKnownFileType = sourcecode.c.h; name = EDEntityFieldCoder.h; path = HeaderFieldCoder.subproj/EDEntityFieldCoder.h; sourceTree = "<group>"; };
		DE221ECA0DD3E0DD00DBD46E /* EDEntityFieldCoder.m */ = {isa = PBXFileReference; fileEncoding = 4; lastKnownFileType = sourcecode.c.objc; name = EDEntityFieldCoder.m; path = HeaderFieldCoder.subproj/EDEntityFieldCoder.m; sourceTree = "<group>"; };
		DE221ECB0DD3E0DD00DBD46E /* EDFaceFieldCoder.h */ = {isa = PBXFileReference; fileEncoding = 4; lastKnownFileType = sourcecode.c.h; name = EDFaceFieldCoder.h; path = HeaderFieldCoder.subproj/EDFaceFieldCoder.h; sourceTree = "<group>"; };
		DE221ECC0DD3E0DD00DBD46E /* EDFaceFieldCoder.m */ = {isa = PBXFileReference; fileEncoding = 4; lastKnownFileType = sourcecode.c.objc; name = EDFaceFieldCoder.m; path = HeaderFieldCoder.subproj/EDFaceFieldCoder.m; sourceTree = "<group>"; };
		DE221ECD0DD3E0DD00DBD46E /* EDHeaderFieldCoder.h */ = {isa = PBXFileReference; fileEncoding = 4; lastKnownFileType = sourcecode.c.h; name = EDHeaderFieldCoder.h; path = HeaderFieldCoder.subproj/EDHeaderFieldCoder.h; sourceTree = "<group>"; };
		DE221ECE0DD3E0DD00DBD46E /* EDHeaderFieldCoder.m */ = {isa = PBXFileReference; fileEncoding = 4; lastKnownFileType = sourcecode.c.objc; name = EDHeaderFieldCoder.m; path = HeaderFieldCoder.subproj/EDHeaderFieldCoder.m; sourceTree = "<group>"; };
		DE221ECF0DD3E0DD00DBD46E /* EDIdListFieldCoder.h */ = {isa = PBXFileReference; fileEncoding = 4; lastKnownFileType = sourcecode.c.h; name = EDIdListFieldCoder.h; path = HeaderFieldCoder.subproj/EDIdListFieldCoder.h; sourceTree = "<group>"; };
		DE221ED00DD3E0DD00DBD46E /* EDIdListFieldCoder.m */ = {isa = PBXFileReference; fileEncoding = 4; lastKnownFileType = sourcecode.c.objc; name = EDIdListFieldCoder.m; path = HeaderFieldCoder.subproj/EDIdListFieldCoder.m; sourceTree = "<group>"; };
		DE221ED10DD3E0DD00DBD46E /* EDTextFieldCoder.h */ = {isa = PBXFileReference; fileEncoding = 4; lastKnownFileType = sourcecode.c.h; name = EDTextFieldCoder.h; path = HeaderFieldCoder.subproj/EDTextFieldCoder.h; sourceTree = "<group>"; };
		DE221ED20DD3E0DD00DBD46E /* EDTextFieldCoder.m */ = {isa = PBXFileReference; fileEncoding = 4; lastKnownFileType = sourcecode.c.objc; name = EDTextFieldCoder.m; path = HeaderFieldCoder.subproj/EDTextFieldCoder.m; sourceTree = "<group>"; };
		DE221EED0DD3E13B00DBD46E /* EDHeaderBearingObject.h */ = {isa = PBXFileReference; fileEncoding = 4; lastKnownFileType = sourcecode.c.h; name = EDHeaderBearingObject.h; path = Message.subproj/EDHeaderBearingObject.h; sourceTree = "<group>"; };
		DE221EEE0DD3E13B00DBD46E /* EDHeaderBearingObject.m */ = {isa = PBXFileReference; fileEncoding = 4; lastKnownFileType = sourcecode.c.objc; name = EDHeaderBearingObject.m; path = Message.subproj/EDHeaderBearingObject.m; sourceTree = "<group>"; };
		DE221EEF0DD3E13B00DBD46E /* EDInternetMessage.h */ = {isa = PBXFileReference; fileEncoding = 4; lastKnownFileType = sourcecode.c.h; name = EDInternetMessage.h; path = Message.subproj/EDInternetMessage.h; sourceTree = "<group>"; };
		DE221EF00DD3E13B00DBD46E /* EDInternetMessage.m */ = {isa = PBXFileReference; fileEncoding = 4; lastKnownFileType = sourcecode.c.objc; name = EDInternetMessage.m; path = Message.subproj/EDInternetMessage.m; sourceTree = "<group>"; };
		DE221EF10DD3E13B00DBD46E /* EDMConstants.h */ = {isa = PBXFileReference; fileEncoding = 4; lastKnownFileType = sourcecode.c.h; name = EDMConstants.h; path = Message.subproj/EDMConstants.h; sourceTree = "<group>"; };
		DE221EF20DD3E13B00DBD46E /* EDMConstants.m */ = {isa = PBXFileReference; fileEncoding = 4; lastKnownFileType = sourcecode.c.objc; name = EDMConstants.m; path = Message.subproj/EDMConstants.m; sourceTree = "<group>"; };
		DE221EF30DD3E13B00DBD46E /* EDMessagePart.h */ = {isa = PBXFileReference; fileEncoding = 4; lastKnownFileType = sourcecode.c.h; name = EDMessagePart.h; path = Message.subproj/EDMessagePart.h; sourceTree = "<group>"; };
		DE221EF40DD3E13B00DBD46E /* EDMessagePart.m */ = {isa = PBXFileReference; fileEncoding = 4; lastKnownFileType = sourcecode.c.objc; name = EDMessagePart.m; path = Message.subproj/EDMessagePart.m; sourceTree = "<group>"; };
		DEB8D3370DD8A43E007E88A5 /* Security.framework */ = {isa = PBXFileReference; lastKnownFileType = wrapper.framework; name = Security.framework; path = /System/Library/Frameworks/Security.framework; sourceTree = "<absolute>"; };
		DEDA090E0DDA2A6300A8B498 /* EDMessageTOC.html */ = {isa = PBXFileReference; fileEncoding = 4; lastKnownFileType = text.html; path = EDMessageTOC.html; sourceTree = "<group>"; };
/* End PBXFileReference section */

/* Begin PBXFrameworksBuildPhase section */
		031A06930E9F14EA00DADB91 /* Frameworks */ = {
			isa = PBXFrameworksBuildPhase;
			buildActionMask = 2147483647;
			files = (
				031A06B40E9F168A00DADB91 /* EDMessage.framework in Frameworks */,
				031A06B60E9F169100DADB91 /* Cocoa.framework in Frameworks */,
			);
			runOnlyForDeploymentPostprocessing = 0;
		};
		8DC2EF560486A6940098B216 /* Frameworks */ = {
			isa = PBXFrameworksBuildPhase;
			buildActionMask = 2147483647;
			files = (
				D175522914E31F45002C2596 /* EDCommon.framework in Frameworks */,
				8DC2EF570486A6940098B216 /* Cocoa.framework in Frameworks */,
				DEB8D3380DD8A43E007E88A5 /* Security.framework in Frameworks */,
			);
			runOnlyForDeploymentPostprocessing = 0;
		};
		D15CC88814E54DEC000047C3 /* Frameworks */ = {
			isa = PBXFrameworksBuildPhase;
			buildActionMask = 2147483647;
			files = (
				D15CC88E14E54DEC000047C3 /* Foundation.framework in Frameworks */,
			);
			runOnlyForDeploymentPostprocessing = 0;
		};
/* End PBXFrameworksBuildPhase section */

/* Begin PBXGroup section */
		031A068F0E9F14CD00DADB91 /* Test */ = {
			isa = PBXGroup;
			children = (
				031A069B0E9F154A00DADB91 /* mailsender.m */,
			);
			name = Test;
			sourceTree = "<group>";
		};
		034768DFFF38A50411DB9C8B /* Products */ = {
			isa = PBXGroup;
			children = (
				8DC2EF5B0486A6940098B216 /* EDMessage.framework */,
				031A06950E9F14EB00DADB91 /* MailSender */,
				D15CC88B14E54DEC000047C3 /* libEDMessageStatic.a */,
			);
			name = Products;
			sourceTree = "<group>";
		};
		03AAC6240EC9993D0083BD57 /* Dependencies */ = {
			isa = PBXGroup;
			children = (
				D175521E14E31ED5002C2596 /* EDCommon.xcodeproj */,
			);
			name = Dependencies;
			sourceTree = "<group>";
		};
		0867D691FE84028FC02AAC07 /* EDMessage */ = {
			isa = PBXGroup;
			children = (
				DE158C0B0E198E7F00447697 /* Global Headers */,
				DE158C0C0E198F7B00447697 /* FoundationExtensions */,
				DE221EEC0DD3E12400DBD46E /* Message */,
				DE158C1B0E1993EC00447697 /* HeaderFieldCoder */,
				DE221E8E0DD3E06300DBD46E /* ContentCoder */,
				089C1665FE841158C02AAC07 /* Resources */,
				031A068F0E9F14CD00DADB91 /* Test */,
				03AAC6240EC9993D0083BD57 /* Dependencies */,
				0867D69AFE84028FC02AAC07 /* External Frameworks and Libraries */,
				D15CC88C14E54DEC000047C3 /* Frameworks */,
				034768DFFF38A50411DB9C8B /* Products */,
				DEDA09150DDA2A8100A8B498 /* Documentation */,
			);
			name = EDMessage;
			sourceTree = "<group>";
		};
		0867D69AFE84028FC02AAC07 /* External Frameworks and Libraries */ = {
			isa = PBXGroup;
			children = (
				1058C7B0FEA5585E11CA2CBB /* Linked Frameworks */,
				1058C7B2FEA5585E11CA2CBB /* Other Frameworks */,
			);
			name = "External Frameworks and Libraries";
			sourceTree = "<group>";
		};
		089C1665FE841158C02AAC07 /* Resources */ = {
			isa = PBXGroup;
			children = (
				8DC2EF5A0486A6940098B216 /* Info.plist */,
			);
			name = Resources;
			sourceTree = "<group>";
		};
		1058C7B0FEA5585E11CA2CBB /* Linked Frameworks */ = {
			isa = PBXGroup;
			children = (
				1058C7B1FEA5585E11CA2CBB /* Cocoa.framework */,
			);
			name = "Linked Frameworks";
			sourceTree = "<group>";
		};
		1058C7B2FEA5585E11CA2CBB /* Other Frameworks */ = {
			isa = PBXGroup;
			children = (
				DEB8D3370DD8A43E007E88A5 /* Security.framework */,
				0867D6A5FE840307C02AAC07 /* AppKit.framework */,
				D2F7E79907B2D74100F64583 /* CoreData.framework */,
				0867D69BFE84028FC02AAC07 /* Foundation.framework */,
			);
			name = "Other Frameworks";
			sourceTree = "<group>";
		};
		D15CC88C14E54DEC000047C3 /* Frameworks */ = {
			isa = PBXGroup;
			children = (
				D15CC88D14E54DEC000047C3 /* Foundation.framework */,
			);
			name = Frameworks;
			sourceTree = "<group>";
		};
		D175521F14E31ED5002C2596 /* Products */ = {
			isa = PBXGroup;
			children = (
				D175522614E31ED5002C2596 /* EDCommon.framework */,
				D15CC88514E54DC1000047C3 /* libEDCommonStatic.a */,
			);
			name = Products;
			sourceTree = "<group>";
		};
		DE158C0B0E198E7F00447697 /* Global Headers */ = {
			isa = PBXGroup;
			children = (
				DE221E850DD3E05B00DBD46E /* EDMessage.h */,
				DE221E860DD3E05B00DBD46E /* EDMessageDefines.h */,
				DE221E880DD3E05B00DBD46E /* utilities.h */,
			);
			name = "Global Headers";
			sourceTree = "<group>";
		};
		DE158C0C0E198F7B00447697 /* FoundationExtensions */ = {
			isa = PBXGroup;
			children = (
				DE158C0D0E198F8E00447697 /* Headers */,
				DE158C0E0E198F9700447697 /* Classes */,
			);
			name = FoundationExtensions;
			sourceTree = "<group>";
		};
		DE158C0D0E198F8E00447697 /* Headers */ = {
			isa = PBXGroup;
			children = (
				DE221EA90DD3E0AE00DBD46E /* NSDate+NetExt.h */,
				DE221EAD0DD3E0AE00DBD46E /* NSCharacterSet+MIME.h */,
				DE221EAF0DD3E0AE00DBD46E /* NSData+MIME.h */,
				DE221EB10DD3E0AE00DBD46E /* NSImage+XFace.h */,
				DE221EB30DD3E0AE00DBD46E /* NSString+MessageUtils.h */,
				DE221EB50DD3E0AE00DBD46E /* NSString+PlainTextFlowedExtensions.h */,
			);
			name = Headers;
			sourceTree = "<group>";
		};
		DE158C0E0E198F9700447697 /* Classes */ = {
			isa = PBXGroup;
			children = (
				DE221EAA0DD3E0AE00DBD46E /* NSDate+NetExt.m */,
				DE221EAE0DD3E0AE00DBD46E /* NSCharacterSet+MIME.m */,
				DE221EB00DD3E0AE00DBD46E /* NSData+MIME.m */,
				DE221EB20DD3E0AE00DBD46E /* NSImage+XFace.m */,
				DE221EB40DD3E0AE00DBD46E /* NSString+MessageUtils.m */,
				DE221EB60DD3E0AE00DBD46E /* NSString+PlainTextFlowedExtensions.m */,
			);
			name = Classes;
			sourceTree = "<group>";
		};
		DE158C130E1991F100447697 /* Headers */ = {
			isa = PBXGroup;
			children = (
				DE221EF10DD3E13B00DBD46E /* EDMConstants.h */,
				DE221EED0DD3E13B00DBD46E /* EDHeaderBearingObject.h */,
				DE221EF30DD3E13B00DBD46E /* EDMessagePart.h */,
				DE221EEF0DD3E13B00DBD46E /* EDInternetMessage.h */,
			);
			name = Headers;
			sourceTree = "<group>";
		};
		DE158C140E1991FA00447697 /* Classes */ = {
			isa = PBXGroup;
			children = (
				DE221EEE0DD3E13B00DBD46E /* EDHeaderBearingObject.m */,
				DE221EF40DD3E13B00DBD46E /* EDMessagePart.m */,
				DE221EF00DD3E13B00DBD46E /* EDInternetMessage.m */,
			);
			name = Classes;
			sourceTree = "<group>";
		};
		DE158C170E1992FB00447697 /* Other Sources */ = {
			isa = PBXGroup;
			children = (
				DE221EF20DD3E13B00DBD46E /* EDMConstants.m */,
			);
			name = "Other Sources";
			sourceTree = "<group>";
		};
		DE158C1B0E1993EC00447697 /* HeaderFieldCoder */ = {
			isa = PBXGroup;
			children = (
				DE158C1E0E19941300447697 /* Headers */,
				DE158C1D0E19940900447697 /* Classes */,
				DE158C1C0E19940000447697 /* Other Sources */,
			);
			name = HeaderFieldCoder;
			sourceTree = "<group>";
		};
		DE158C1C0E19940000447697 /* Other Sources */ = {
			isa = PBXGroup;
			children = (
				DE0C15950E61BA1F00C1BC3F /* parsedate.y */,
			);
			name = "Other Sources";
			sourceTree = "<group>";
		};
		DE158C1D0E19940900447697 /* Classes */ = {
			isa = PBXGroup;
			children = (
				DE221EC80DD3E0DD00DBD46E /* EDDateFieldCoder.m */,
				DE221ECA0DD3E0DD00DBD46E /* EDEntityFieldCoder.m */,
				DE221ECC0DD3E0DD00DBD46E /* EDFaceFieldCoder.m */,
				DE221ECE0DD3E0DD00DBD46E /* EDHeaderFieldCoder.m */,
				DE221ED00DD3E0DD00DBD46E /* EDIdListFieldCoder.m */,
				DE221ED20DD3E0DD00DBD46E /* EDTextFieldCoder.m */,
			);
			name = Classes;
			sourceTree = "<group>";
		};
		DE158C1E0E19941300447697 /* Headers */ = {
			isa = PBXGroup;
			children = (
				DE221EC70DD3E0DD00DBD46E /* EDDateFieldCoder.h */,
				DE221EC90DD3E0DD00DBD46E /* EDEntityFieldCoder.h */,
				DE221ECB0DD3E0DD00DBD46E /* EDFaceFieldCoder.h */,
				DE221ECD0DD3E0DD00DBD46E /* EDHeaderFieldCoder.h */,
				DE221ECF0DD3E0DD00DBD46E /* EDIdListFieldCoder.h */,
				DE221ED10DD3E0DD00DBD46E /* EDTextFieldCoder.h */,
			);
			name = Headers;
			sourceTree = "<group>";
		};
		DE158C2F0E19957600447697 /* Classes */ = {
			isa = PBXGroup;
			children = (
				DE221E900DD3E08400DBD46E /* EDCompositeContentCoder.m */,
				DE221E920DD3E08400DBD46E /* EDContentCoder.m */,
				DE221E940DD3E08400DBD46E /* EDHTMLTextContentCoder.m */,
				DE221E960DD3E08400DBD46E /* EDMultimediaContentCoder.m */,
				DE221E980DD3E08400DBD46E /* EDPlainTextContentCoder.m */,
				DE221E9A0DD3E08400DBD46E /* EDTextContentCoder.m */,
			);
			name = Classes;
			sourceTree = "<group>";
		};
		DE158C300E19958000447697 /* Headers */ = {
			isa = PBXGroup;
			children = (
				DE221E8F0DD3E08400DBD46E /* EDCompositeContentCoder.h */,
				DE221E910DD3E08400DBD46E /* EDContentCoder.h */,
				DE221E930DD3E08400DBD46E /* EDHTMLTextContentCoder.h */,
				DE221E950DD3E08400DBD46E /* EDMultimediaContentCoder.h */,
				DE221E970DD3E08400DBD46E /* EDPlainTextContentCoder.h */,
				DE221E990DD3E08400DBD46E /* EDTextContentCoder.h */,
			);
			name = Headers;
			sourceTree = "<group>";
		};
		DE221E8E0DD3E06300DBD46E /* ContentCoder */ = {
			isa = PBXGroup;
			children = (
				DE158C300E19958000447697 /* Headers */,
				DE158C2F0E19957600447697 /* Classes */,
			);
			name = ContentCoder;
			sourceTree = "<group>";
		};
		DE221EEC0DD3E12400DBD46E /* Message */ = {
			isa = PBXGroup;
			children = (
				DE158C130E1991F100447697 /* Headers */,
				DE158C140E1991FA00447697 /* Classes */,
				DE158C170E1992FB00447697 /* Other Sources */,
			);
			name = Message;
			sourceTree = "<group>";
		};
		DEDA09150DDA2A8100A8B498 /* Documentation */ = {
			isa = PBXGroup;
			children = (
				DEDA090E0DDA2A6300A8B498 /* EDMessageTOC.html */,
			);
			name = Documentation;
			sourceTree = "<group>";
		};
/* End PBXGroup section */

/* Begin PBXHeadersBuildPhase section */
		8DC2EF500486A6940098B216 /* Headers */ = {
			isa = PBXHeadersBuildPhase;
			buildActionMask = 2147483647;
			files = (
				DE221E890DD3E05B00DBD46E /* EDMessage.h in Headers */,
				DE221E8A0DD3E05B00DBD46E /* EDMessageDefines.h in Headers */,
				DE221E8C0DD3E05B00DBD46E /* utilities.h in Headers */,
				DE221E9B0DD3E08400DBD46E /* EDCompositeContentCoder.h in Headers */,
				DE221E9D0DD3E08400DBD46E /* EDContentCoder.h in Headers */,
				DE221E9F0DD3E08400DBD46E /* EDHTMLTextContentCoder.h in Headers */,
				DE221EA10DD3E08400DBD46E /* EDMultimediaContentCoder.h in Headers */,
				DE221EA30DD3E08400DBD46E /* EDPlainTextContentCoder.h in Headers */,
				DE221EA50DD3E08400DBD46E /* EDTextContentCoder.h in Headers */,
				DE221EB70DD3E0AE00DBD46E /* NSDate+NetExt.h in Headers */,
				DE221EBB0DD3E0AE00DBD46E /* NSCharacterSet+MIME.h in Headers */,
				DE221EBD0DD3E0AE00DBD46E /* NSData+MIME.h in Headers */,
				DE221EBF0DD3E0AE00DBD46E /* NSImage+XFace.h in Headers */,
				DE221EC10DD3E0AE00DBD46E /* NSString+MessageUtils.h in Headers */,
				DE221EC30DD3E0AE00DBD46E /* NSString+PlainTextFlowedExtensions.h in Headers */,
				DE221ED40DD3E0DD00DBD46E /* EDDateFieldCoder.h in Headers */,
				DE221ED60DD3E0DD00DBD46E /* EDEntityFieldCoder.h in Headers */,
				DE221ED80DD3E0DD00DBD46E /* EDFaceFieldCoder.h in Headers */,
				DE221EDA0DD3E0DD00DBD46E /* EDHeaderFieldCoder.h in Headers */,
				DE221EDC0DD3E0DD00DBD46E /* EDIdListFieldCoder.h in Headers */,
				DE221EDE0DD3E0DD00DBD46E /* EDTextFieldCoder.h in Headers */,
				DE221EF50DD3E13B00DBD46E /* EDHeaderBearingObject.h in Headers */,
				DE221EF70DD3E13B00DBD46E /* EDInternetMessage.h in Headers */,
				DE221EF90DD3E13B00DBD46E /* EDMConstants.h in Headers */,
				DE221EFB0DD3E13B00DBD46E /* EDMessagePart.h in Headers */,
			);
			runOnlyForDeploymentPostprocessing = 0;
		};
		D15CC88914E54DEC000047C3 /* Headers */ = {
			isa = PBXHeadersBuildPhase;
			buildActionMask = 2147483647;
			files = (
				D15CC8B714E55120000047C3 /* EDMessage.h in Headers */,
				D15CC8B814E55120000047C3 /* EDMessageDefines.h in Headers */,
				D15CC8B914E55120000047C3 /* utilities.h in Headers */,
				D15CC8BA14E55120000047C3 /* NSDate+NetExt.h in Headers */,
				D15CC8BB14E55120000047C3 /* NSCharacterSet+MIME.h in Headers */,
				D15CC8BC14E55120000047C3 /* NSData+MIME.h in Headers */,
				D15CC8BD14E55120000047C3 /* NSImage+XFace.h in Headers */,
				D15CC8BE14E55120000047C3 /* NSString+MessageUtils.h in Headers */,
				D15CC8BF14E55120000047C3 /* NSString+PlainTextFlowedExtensions.h in Headers */,
				D15CC8C014E55120000047C3 /* EDMConstants.h in Headers */,
				D15CC8C114E55120000047C3 /* EDHeaderBearingObject.h in Headers */,
				D15CC8C214E55120000047C3 /* EDMessagePart.h in Headers */,
				D15CC8C314E55120000047C3 /* EDInternetMessage.h in Headers */,
				D15CC8C414E55120000047C3 /* EDDateFieldCoder.h in Headers */,
				D15CC8C514E55120000047C3 /* EDEntityFieldCoder.h in Headers */,
				D15CC8C614E55120000047C3 /* EDFaceFieldCoder.h in Headers */,
				D15CC8C714E55120000047C3 /* EDHeaderFieldCoder.h in Headers */,
				D15CC8C814E55120000047C3 /* EDIdListFieldCoder.h in Headers */,
				D15CC8C914E55120000047C3 /* EDTextFieldCoder.h in Headers */,
				D15CC8CA14E55120000047C3 /* EDCompositeContentCoder.h in Headers */,
				D15CC8CB14E55120000047C3 /* EDContentCoder.h in Headers */,
				D15CC8CC14E55120000047C3 /* EDHTMLTextContentCoder.h in Headers */,
				D15CC8CD14E55120000047C3 /* EDMultimediaContentCoder.h in Headers */,
				D15CC8CE14E55120000047C3 /* EDPlainTextContentCoder.h in Headers */,
				D15CC8CF14E55120000047C3 /* EDTextContentCoder.h in Headers */,
			);
			runOnlyForDeploymentPostprocessing = 0;
		};
/* End PBXHeadersBuildPhase section */

/* Begin PBXNativeTarget section */
		031A06940E9F14EA00DADB91 /* MailSender */ = {
			isa = PBXNativeTarget;
			buildConfigurationList = 031A06990E9F151200DADB91 /* Build configuration list for PBXNativeTarget "MailSender" */;
			buildPhases = (
				031A06920E9F14EA00DADB91 /* Sources */,
				031A06930E9F14EA00DADB91 /* Frameworks */,
			);
			buildRules = (
			);
			dependencies = (
			);
			name = MailSender;
			productName = MailSender;
			productReference = 031A06950E9F14EB00DADB91 /* MailSender */;
			productType = "com.apple.product-type.tool";
		};
		8DC2EF4F0486A6940098B216 /* EDMessage */ = {
			isa = PBXNativeTarget;
			buildConfigurationList = 1DEB91AD08733DA50010E9CD /* Build configuration list for PBXNativeTarget "EDMessage" */;
			buildPhases = (
				8DC2EF500486A6940098B216 /* Headers */,
				8DC2EF520486A6940098B216 /* Resources */,
				8DC2EF540486A6940098B216 /* Sources */,
				8DC2EF560486A6940098B216 /* Frameworks */,
			);
			buildRules = (
			);
			dependencies = (
				D175522814E31EE6002C2596 /* PBXTargetDependency */,
			);
			name = EDMessage;
			productInstallPath = "$(HOME)/Library/Frameworks";
			productName = EDMessage;
			productReference = 8DC2EF5B0486A6940098B216 /* EDMessage.framework */;
			productType = "com.apple.product-type.framework";
		};
		D15CC88A14E54DEC000047C3 /* EDMessageStatic */ = {
			isa = PBXNativeTarget;
			buildConfigurationList = D15CC89514E54DEC000047C3 /* Build configuration list for PBXNativeTarget "EDMessageStatic" */;
			buildPhases = (
				D15CC88714E54DEC000047C3 /* Sources */,
				D15CC88814E54DEC000047C3 /* Frameworks */,
				D15CC88914E54DEC000047C3 /* Headers */,
			);
			buildRules = (
			);
			dependencies = (
				D15CC93D14E55689000047C3 /* PBXTargetDependency */,
			);
			name = EDMessageStatic;
			productName = EDMessageStatic;
			productReference = D15CC88B14E54DEC000047C3 /* libEDMessageStatic.a */;
			productType = "com.apple.product-type.library.static";
		};
/* End PBXNativeTarget section */

/* Begin PBXProject section */
		0867D690FE84028FC02AAC07 /* Project object */ = {
			isa = PBXProject;
			attributes = {
				LastUpgradeCheck = 0420;
			};
			buildConfigurationList = 1DEB91B108733DA50010E9CD /* Build configuration list for PBXProject "EDMessage" */;
			compatibilityVersion = "Xcode 3.2";
			developmentRegion = English;
			hasScannedForEncodings = 1;
			knownRegions = (
				en,
			);
			mainGroup = 0867D691FE84028FC02AAC07 /* EDMessage */;
			productRefGroup = 034768DFFF38A50411DB9C8B /* Products */;
			projectDirPath = "";
			projectReferences = (
				{
					ProductGroup = D175521F14E31ED5002C2596 /* Products */;
					ProjectRef = D175521E14E31ED5002C2596 /* EDCommon.xcodeproj */;
				},
			);
			projectRoot = "";
			targets = (
				8DC2EF4F0486A6940098B216 /* EDMessage */,
				031A06940E9F14EA00DADB91 /* MailSender */,
				D15CC88A14E54DEC000047C3 /* EDMessageStatic */,
			);
		};
/* End PBXProject section */

/* Begin PBXReferenceProxy section */
		D15CC88514E54DC1000047C3 /* libEDCommonStatic.a */ = {
			isa = PBXReferenceProxy;
			fileType = archive.ar;
			path = libEDCommonStatic.a;
			remoteRef = D15CC88414E54DC1000047C3 /* PBXContainerItemProxy */;
			sourceTree = BUILT_PRODUCTS_DIR;
		};
		D175522614E31ED5002C2596 /* EDCommon.framework */ = {
			isa = PBXReferenceProxy;
			fileType = wrapper.framework;
			path = EDCommon.framework;
			remoteRef = D175522514E31ED5002C2596 /* PBXContainerItemProxy */;
			sourceTree = BUILT_PRODUCTS_DIR;
		};
/* End PBXReferenceProxy section */

/* Begin PBXResourcesBuildPhase section */
		8DC2EF520486A6940098B216 /* Resources */ = {
			isa = PBXResourcesBuildPhase;
			buildActionMask = 2147483647;
			files = (
				DEDA09100DDA2A6400A8B498 /* EDMessageTOC.html in Resources */,
			);
			runOnlyForDeploymentPostprocessing = 0;
		};
/* End PBXResourcesBuildPhase section */

/* Begin PBXSourcesBuildPhase section */
		031A06920E9F14EA00DADB91 /* Sources */ = {
			isa = PBXSourcesBuildPhase;
			buildActionMask = 2147483647;
			files = (
				031A069C0E9F154A00DADB91 /* mailsender.m in Sources */,
			);
			runOnlyForDeploymentPostprocessing = 0;
		};
		8DC2EF540486A6940098B216 /* Sources */ = {
			isa = PBXSourcesBuildPhase;
			buildActionMask = 2147483647;
			files = (
				DE221E9C0DD3E08400DBD46E /* EDCompositeContentCoder.m in Sources */,
				DE221E9E0DD3E08400DBD46E /* EDContentCoder.m in Sources */,
				DE221EA00DD3E08400DBD46E /* EDHTMLTextContentCoder.m in Sources */,
				DE221EA20DD3E08400DBD46E /* EDMultimediaContentCoder.m in Sources */,
				DE221EA40DD3E08400DBD46E /* EDPlainTextContentCoder.m in Sources */,
				DE221EA60DD3E08400DBD46E /* EDTextContentCoder.m in Sources */,
				DE221EB80DD3E0AE00DBD46E /* NSDate+NetExt.m in Sources */,
				DE221EBC0DD3E0AE00DBD46E /* NSCharacterSet+MIME.m in Sources */,
				DE221EBE0DD3E0AE00DBD46E /* NSData+MIME.m in Sources */,
				DE221EC00DD3E0AE00DBD46E /* NSImage+XFace.m in Sources */,
				DE221EC20DD3E0AE00DBD46E /* NSString+MessageUtils.m in Sources */,
				DE221EC40DD3E0AE00DBD46E /* NSString+PlainTextFlowedExtensions.m in Sources */,
				DE221ED50DD3E0DD00DBD46E /* EDDateFieldCoder.m in Sources */,
				DE221ED70DD3E0DD00DBD46E /* EDEntityFieldCoder.m in Sources */,
				DE221ED90DD3E0DD00DBD46E /* EDFaceFieldCoder.m in Sources */,
				DE221EDB0DD3E0DD00DBD46E /* EDHeaderFieldCoder.m in Sources */,
				DE221EDD0DD3E0DD00DBD46E /* EDIdListFieldCoder.m in Sources */,
				DE221EDF0DD3E0DD00DBD46E /* EDTextFieldCoder.m in Sources */,
				DE221EF60DD3E13B00DBD46E /* EDHeaderBearingObject.m in Sources */,
				DE221EF80DD3E13B00DBD46E /* EDInternetMessage.m in Sources */,
				DE221EFA0DD3E13B00DBD46E /* EDMConstants.m in Sources */,
				DE221EFC0DD3E13B00DBD46E /* EDMessagePart.m in Sources */,
				DE0C15960E61BA1F00C1BC3F /* parsedate.y in Sources */,
			);
			runOnlyForDeploymentPostprocessing = 0;
		};
		D15CC88714E54DEC000047C3 /* Sources */ = {
			isa = PBXSourcesBuildPhase;
			buildActionMask = 2147483647;
			files = (
				D15CC93E14E55F27000047C3 /* NSDate+NetExt.m in Sources */,
				D15CC89F14E54E91000047C3 /* EDHeaderBearingObject.m in Sources */,
				D15CC8A014E54E91000047C3 /* EDMessagePart.m in Sources */,
				D15CC8A114E54E91000047C3 /* EDInternetMessage.m in Sources */,
				D15CC8A214E54E91000047C3 /* EDMConstants.m in Sources */,
				D15CC8A314E54E91000047C3 /* EDDateFieldCoder.m in Sources */,
				D15CC8A414E54E91000047C3 /* EDEntityFieldCoder.m in Sources */,
				D15CC8A614E54E91000047C3 /* EDHeaderFieldCoder.m in Sources */,
				D15CC8A714E54E91000047C3 /* EDIdListFieldCoder.m in Sources */,
				D15CC8A814E54E91000047C3 /* EDTextFieldCoder.m in Sources */,
				D15CC8A914E54E91000047C3 /* EDCompositeContentCoder.m in Sources */,
				D15CC8AA14E54E91000047C3 /* EDContentCoder.m in Sources */,
				D15CC8AB14E54E91000047C3 /* EDHTMLTextContentCoder.m in Sources */,
				D15CC8AC14E54E91000047C3 /* EDMultimediaContentCoder.m in Sources */,
				D15CC8AD14E54E91000047C3 /* EDPlainTextContentCoder.m in Sources */,
				D15CC8AE14E54E91000047C3 /* EDTextContentCoder.m in Sources */,
				D15CC89A14E54E70000047C3 /* NSCharacterSet+MIME.m in Sources */,
				D15CC89B14E54E70000047C3 /* NSData+MIME.m in Sources */,
				D15CC89D14E54E70000047C3 /* NSString+MessageUtils.m in Sources */,
				D15CC89E14E54E70000047C3 /* NSString+PlainTextFlowedExtensions.m in Sources */,
				D15CC95514E58056000047C3 /* parsedate.y in Sources */,
			);
			runOnlyForDeploymentPostprocessing = 0;
		};
/* End PBXSourcesBuildPhase section */

/* Begin PBXTargetDependency section */
		D15CC93D14E55689000047C3 /* PBXTargetDependency */ = {
			isa = PBXTargetDependency;
			name = EDCommonStatic;
			targetProxy = D15CC93C14E55689000047C3 /* PBXContainerItemProxy */;
		};
		D175522814E31EE6002C2596 /* PBXTargetDependency */ = {
			isa = PBXTargetDependency;
			name = EDCommon;
			targetProxy = D175522714E31EE6002C2596 /* PBXContainerItemProxy */;
		};
/* End PBXTargetDependency section */

/* Begin XCBuildConfiguration section */
		031A06970E9F14EB00DADB91 /* Release */ = {
			isa = XCBuildConfiguration;
			buildSettings = {
				COPY_PHASE_STRIP = YES;
				DEBUG_INFORMATION_FORMAT = "dwarf-with-dsym";
				GCC_MODEL_TUNING = G5;
				GCC_PRECOMPILE_PREFIX_HEADER = YES;
				GCC_PREFIX_HEADER = "$(SYSTEM_LIBRARY_DIR)/Frameworks/AppKit.framework/Headers/AppKit.h";
				GCC_VERSION = com.apple.compilers.llvm.clang.1_0;
				INSTALL_PATH = /usr/local/bin;
				OTHER_LDFLAGS = (
					"-framework",
					Foundation,
					"-framework",
					AppKit,
				);
				PRODUCT_NAME = MailSender;
				ZERO_LINK = NO;
			};
			name = Release;
		};
		031A06980E9F14EB00DADB91 /* Debug */ = {
			isa = XCBuildConfiguration;
			buildSettings = {
				COPY_PHASE_STRIP = NO;
				GCC_DYNAMIC_NO_PIC = NO;
				GCC_MODEL_TUNING = G5;
				GCC_OPTIMIZATION_LEVEL = 0;
				GCC_PRECOMPILE_PREFIX_HEADER = YES;
				GCC_PREFIX_HEADER = "$(SYSTEM_LIBRARY_DIR)/Frameworks/AppKit.framework/Headers/AppKit.h";
				GCC_VERSION = com.apple.compilers.llvm.clang.1_0;
				INSTALL_PATH = /usr/local/bin;
				OTHER_LDFLAGS = (
					"-framework",
					Foundation,
					"-framework",
					AppKit,
				);
				PRODUCT_NAME = MailSender;
				ZERO_LINK = YES;
			};
			name = Debug;
		};
		1DEB91AE08733DA50010E9CD /* Debug */ = {
			isa = XCBuildConfiguration;
			buildSettings = {
				ALWAYS_SEARCH_USER_PATHS = NO;
				COPY_PHASE_STRIP = YES;
				DSTROOT = /;
				FRAMEWORK_SEARCH_PATHS = Dependencies/edcommon/build/Debug;
				FRAMEWORK_VERSION = A;
				GCC_DYNAMIC_NO_PIC = NO;
				GCC_OPTIMIZATION_LEVEL = 0;
				GCC_PRECOMPILE_PREFIX_HEADER = YES;
				GCC_PREFIX_HEADER = EDMessage_Prefix.pch;
				GCC_VERSION = com.apple.compilers.llvm.clang.1_0;
				INFOPLIST_FILE = Info.plist;
				INSTALL_PATH = "@executable_path/../Frameworks";
				PRODUCT_NAME = EDMessage;
				WRAPPER_EXTENSION = framework;
			};
			name = Debug;
		};
		1DEB91AF08733DA50010E9CD /* Release */ = {
			isa = XCBuildConfiguration;
			buildSettings = {
				DEPLOYMENT_LOCATION = NO;
				DEPLOYMENT_POSTPROCESSING = YES;
				DSTROOT = /;
				DYLIB_COMPATIBILITY_VERSION = 17;
				DYLIB_CURRENT_VERSION = 17;
				FRAMEWORK_SEARCH_PATHS = (
					Dependencies/edcommon/build/UninstalledProducts,
					Dependencies/edcommon/build/Release,
				);
				FRAMEWORK_VERSION = A;
				GCC_PRECOMPILE_PREFIX_HEADER = YES;
				GCC_PREFIX_HEADER = EDMessage_Prefix.pch;
				GCC_VERSION = com.apple.compilers.llvm.clang.1_0;
				INFOPLIST_FILE = Info.plist;
				INSTALL_MODE_FLAG = "u+w,go-w,o+rX";
				INSTALL_PATH = "@executable_path/../Frameworks";
				OTHER_LDFLAGS = (
					"-seg1addr",
					0x35000000,
				);
				PRODUCT_NAME = EDMessage;
				WARNING_CFLAGS = "-Wmost";
				WRAPPER_EXTENSION = framework;
			};
			name = Release;
		};
		1DEB91B208733DA50010E9CD /* Debug */ = {
			isa = XCBuildConfiguration;
			buildSettings = {
				ARCHS = "$(NATIVE_ARCH_ACTUAL)";
				GCC_C_LANGUAGE_STANDARD = c99;
				MACOSX_DEPLOYMENT_TARGET = 10.5;
				SDKROOT = macosx;
			};
			name = Debug;
		};
		1DEB91B308733DA50010E9CD /* Release */ = {
			isa = XCBuildConfiguration;
			buildSettings = {
				ARCHS = "$(ARCHS_STANDARD_32_64_BIT)";
				GCC_C_LANGUAGE_STANDARD = c99;
				MACOSX_DEPLOYMENT_TARGET = 10.5;
				SDKROOT = macosx;
			};
			name = Release;
		};
		D15CC89614E54DEC000047C3 /* Release */ = {
			isa = XCBuildConfiguration;
			buildSettings = {
				ALWAYS_SEARCH_USER_PATHS = NO;
				ARCHS = "$(ARCHS_STANDARD_32_BIT)";
				COPY_PHASE_STRIP = YES;
				DSTROOT = /tmp/EDMessageStatic.dst;
				GCC_C_LANGUAGE_STANDARD = gnu99;
				GCC_PRECOMPILE_PREFIX_HEADER = YES;
				GCC_PREFIX_HEADER = "EDMessageStatic-Prefix.pch";
				GCC_VERSION = com.apple.compilers.llvm.clang.1_0;
				GCC_WARN_ABOUT_MISSING_PROTOTYPES = YES;
				GCC_WARN_ABOUT_RETURN_TYPE = YES;
				GCC_WARN_UNUSED_VARIABLE = YES;
				HEADER_SEARCH_PATHS = "\"${TARGET_BUILD_DIR}\"/usr/local/include";
				IPHONEOS_DEPLOYMENT_TARGET = 5.0;
				OTHER_LDFLAGS = "-ObjC";
				PRODUCT_NAME = "$(TARGET_NAME)";
				SDKROOT = iphoneos;
				SKIP_INSTALL = YES;
				VALIDATE_PRODUCT = YES;
			};
			name = Release;
		};
		D15CC89814E54DEC000047C3 /* Debug */ = {
			isa = XCBuildConfiguration;
			buildSettings = {
				ALWAYS_SEARCH_USER_PATHS = NO;
				ARCHS = "$(ARCHS_STANDARD_32_BIT)";
				COPY_PHASE_STRIP = NO;
				DSTROOT = /tmp/EDMessageStatic.dst;
				GCC_C_LANGUAGE_STANDARD = gnu99;
				GCC_DYNAMIC_NO_PIC = NO;
				GCC_OPTIMIZATION_LEVEL = 0;
				GCC_PRECOMPILE_PREFIX_HEADER = YES;
				GCC_PREFIX_HEADER = "EDMessageStatic-Prefix.pch";
				GCC_PREPROCESSOR_DEFINITIONS = (
					"DEBUG=1",
					"$(inherited)",
				);
				GCC_SYMBOLS_PRIVATE_EXTERN = NO;
				GCC_VERSION = com.apple.compilers.llvm.clang.1_0;
				GCC_WARN_ABOUT_MISSING_PROTOTYPES = YES;
				GCC_WARN_ABOUT_RETURN_TYPE = YES;
				GCC_WARN_UNUSED_VARIABLE = YES;
				HEADER_SEARCH_PATHS = "\"${TARGET_BUILD_DIR}\"/usr/local/include";
				IPHONEOS_DEPLOYMENT_TARGET = 5.0;
				OTHER_LDFLAGS = "-ObjC";
				PRODUCT_NAME = "$(TARGET_NAME)";
				SDKROOT = iphoneos;
				SKIP_INSTALL = YES;
			};
			name = Debug;
		};
/* End XCBuildConfiguration section */

/* Begin XCConfigurationList section */
		031A06990E9F151200DADB91 /* Build configuration list for PBXNativeTarget "MailSender" */ = {
			isa = XCConfigurationList;
			buildConfigurations = (
				031A06970E9F14EB00DADB91 /* Release */,
				031A06980E9F14EB00DADB91 /* Debug */,
			);
			defaultConfigurationIsVisible = 0;
			defaultConfigurationName = Release;
		};
		1DEB91AD08733DA50010E9CD /* Build configuration list for PBXNativeTarget "EDMessage" */ = {
			isa = XCConfigurationList;
			buildConfigurations = (
				1DEB91AF08733DA50010E9CD /* Release */,
				1DEB91AE08733DA50010E9CD /* Debug */,
			);
			defaultConfigurationIsVisible = 0;
			defaultConfigurationName = Release;
		};
		1DEB91B108733DA50010E9CD /* Build configuration list for PBXProject "EDMessage" */ = {
			isa = XCConfigurationList;
			buildConfigurations = (
				1DEB91B308733DA50010E9CD /* Release */,
				1DEB91B208733DA50010E9CD /* Debug */,
			);
			defaultConfigurationIsVisible = 0;
			defaultConfigurationName = Release;
		};
		D15CC89514E54DEC000047C3 /* Build configuration list for PBXNativeTarget "EDMessageStatic" */ = {
			isa = XCConfigurationList;
			buildConfigurations = (
				D15CC89614E54DEC000047C3 /* Release */,
				D15CC89814E54DEC000047C3 /* Debug */,
			);
			defaultConfigurationIsVisible = 0;
			defaultConfigurationName = Release;
		};
/* End XCConfigurationList section */
	};
	rootObject = 0867D690FE84028FC02AAC07 /* Project object */;
}
