// !$*UTF8*$!
{
	archiveVersion = 1;
	classes = {
	};
	objectVersion = 46;
	objects = {

/* Begin PBXBuildFile section */
		D1793C7C1B6BFAFA00F09A21 /* useful.m in Sources */ = {isa = PBXBuildFile; fileRef = D1AA50561524E0EA00300F15 /* useful.m */; };
		D1793C7D1B6BFAFA00F09A21 /* functions.m in Sources */ = {isa = PBXBuildFile; fileRef = D1B0B3301524D2CE00791DAD /* functions.m */; };
		D1793C7E1B6BFAFA00F09A21 /* NSArray+Extensions.m in Sources */ = {isa = PBXBuildFile; fileRef = D1B0B3311524D2CE00791DAD /* NSArray+Extensions.m */; };
		D1793C7F1B6BFAFA00F09A21 /* NSData+Extensions.m in Sources */ = {isa = PBXBuildFile; fileRef = D1B0B3331524D2CF00791DAD /* NSData+Extensions.m */; };
		D1793C801B6BFAFA00F09A21 /* NSObject+Extensions.m in Sources */ = {isa = PBXBuildFile; fileRef = D1B0B3341524D2D000791DAD /* NSObject+Extensions.m */; };
		D1793C811B6BFAFA00F09A21 /* NSScanner+Extensions.m in Sources */ = {isa = PBXBuildFile; fileRef = D1B0B3351524D2D100791DAD /* NSScanner+Extensions.m */; };
		D1793C821B6BFAFA00F09A21 /* NSString+Extensions.m in Sources */ = {isa = PBXBuildFile; fileRef = D1B0B3361524D2D200791DAD /* NSString+Extensions.m */; };
		D1793C831B6BFAFA00F09A21 /* NSDate+NetExt.m in Sources */ = {isa = PBXBuildFile; fileRef = DE221EAA0DD3E0AE00DBD46E /* NSDate+NetExt.m */; };
		D1793C841B6BFAFA00F09A21 /* NSCharacterSet+MIME.m in Sources */ = {isa = PBXBuildFile; fileRef = DE221EAE0DD3E0AE00DBD46E /* NSCharacterSet+MIME.m */; };
		D1793C851B6BFAFA00F09A21 /* NSData+MIME.m in Sources */ = {isa = PBXBuildFile; fileRef = DE221EB00DD3E0AE00DBD46E /* NSData+MIME.m */; };
		D1793C861B6BFAFA00F09A21 /* NSString+MessageUtils.m in Sources */ = {isa = PBXBuildFile; fileRef = DE221EB40DD3E0AE00DBD46E /* NSString+MessageUtils.m */; };
		D1793C871B6BFAFA00F09A21 /* NSString+PlainTextFlowedExtensions.m in Sources */ = {isa = PBXBuildFile; fileRef = DE221EB60DD3E0AE00DBD46E /* NSString+PlainTextFlowedExtensions.m */; };
		D1793C881B6BFAFA00F09A21 /* EDMutableObjectPair.m in Sources */ = {isa = PBXBuildFile; fileRef = D1B0B2EA1524CFB500791DAD /* EDMutableObjectPair.m */; };
		D1793C891B6BFAFA00F09A21 /* EDObjectPair.m in Sources */ = {isa = PBXBuildFile; fileRef = D1B0B2EC1524CFB500791DAD /* EDObjectPair.m */; };
		D1793C8A1B6BFAFA00F09A21 /* EDStringScanner.m in Sources */ = {isa = PBXBuildFile; fileRef = D1B0B2EE1524CFB500791DAD /* EDStringScanner.m */; };
		D1793C8B1B6BFAFA00F09A21 /* EDHeaderBearingObject.m in Sources */ = {isa = PBXBuildFile; fileRef = DE221EEE0DD3E13B00DBD46E /* EDHeaderBearingObject.m */; };
		D1793C8C1B6BFAFA00F09A21 /* EDMessagePart.m in Sources */ = {isa = PBXBuildFile; fileRef = DE221EF40DD3E13B00DBD46E /* EDMessagePart.m */; };
		D1793C8D1B6BFAFA00F09A21 /* EDInternetMessage.m in Sources */ = {isa = PBXBuildFile; fileRef = DE221EF00DD3E13B00DBD46E /* EDInternetMessage.m */; };
		D1793C8E1B6BFAFA00F09A21 /* EDMConstants.m in Sources */ = {isa = PBXBuildFile; fileRef = DE221EF20DD3E13B00DBD46E /* EDMConstants.m */; };
		D1793C8F1B6BFAFA00F09A21 /* EDDateFieldCoder.m in Sources */ = {isa = PBXBuildFile; fileRef = DE221EC80DD3E0DD00DBD46E /* EDDateFieldCoder.m */; };
		D1793C901B6BFAFA00F09A21 /* EDEntityFieldCoder.m in Sources */ = {isa = PBXBuildFile; fileRef = DE221ECA0DD3E0DD00DBD46E /* EDEntityFieldCoder.m */; };
		D1793C911B6BFAFA00F09A21 /* EDHeaderFieldCoder.m in Sources */ = {isa = PBXBuildFile; fileRef = DE221ECE0DD3E0DD00DBD46E /* EDHeaderFieldCoder.m */; };
		D1793C921B6BFB0B00F09A21 /* EDCompositeContentCoder.m in Sources */ = {isa = PBXBuildFile; fileRef = DE221E900DD3E08400DBD46E /* EDCompositeContentCoder.m */; };
		D1793C931B6BFB0B00F09A21 /* EDContentCoder.m in Sources */ = {isa = PBXBuildFile; fileRef = DE221E920DD3E08400DBD46E /* EDContentCoder.m */; };
		D1793C941B6BFB0B00F09A21 /* EDHTMLTextContentCoder.m in Sources */ = {isa = PBXBuildFile; fileRef = DE221E940DD3E08400DBD46E /* EDHTMLTextContentCoder.m */; };
		D1793C951B6BFB0B00F09A21 /* EDMultimediaContentCoder.m in Sources */ = {isa = PBXBuildFile; fileRef = DE221E960DD3E08400DBD46E /* EDMultimediaContentCoder.m */; };
		D1793C961B6BFB0B00F09A21 /* EDPlainTextContentCoder.m in Sources */ = {isa = PBXBuildFile; fileRef = DE221E980DD3E08400DBD46E /* EDPlainTextContentCoder.m */; };
		D1793C971B6BFB0B00F09A21 /* EDTextContentCoder.m in Sources */ = {isa = PBXBuildFile; fileRef = DE221E9A0DD3E08400DBD46E /* EDTextContentCoder.m */; };
		D1793C981B6BFB3D00F09A21 /* EDCommon.h in Headers */ = {isa = PBXBuildFile; fileRef = D1B0B2AE1524CEDE00791DAD /* EDCommon.h */; settings = {ATTRIBUTES = (Public, ); }; };
		D1793C991B6BFB3D00F09A21 /* EDCommonDefines.h in Headers */ = {isa = PBXBuildFile; fileRef = D1B0B2AF1524CEDE00791DAD /* EDCommonDefines.h */; settings = {ATTRIBUTES = (Public, ); }; };
		D1793C9A1B6BFB3D00F09A21 /* EDObjcRuntime.h in Headers */ = {isa = PBXBuildFile; fileRef = D1B0B2B01524CEDE00791DAD /* EDObjcRuntime.h */; settings = {ATTRIBUTES = (Public, ); }; };
		D1793C9B1B6BFB3D00F09A21 /* osdep.h in Headers */ = {isa = PBXBuildFile; fileRef = D1B0B2B11524CEDE00791DAD /* osdep.h */; settings = {ATTRIBUTES = (Private, ); }; };
		D1793C9C1B6BFB3D00F09A21 /* EDMessage.h in Headers */ = {isa = PBXBuildFile; fileRef = DE221E850DD3E05B00DBD46E /* EDMessage.h */; settings = {ATTRIBUTES = (Public, ); }; };
		D1793C9D1B6BFB3D00F09A21 /* EDMessageDefines.h in Headers */ = {isa = PBXBuildFile; fileRef = DE221E860DD3E05B00DBD46E /* EDMessageDefines.h */; settings = {ATTRIBUTES = (Public, ); }; };
		D1793C9E1B6BFB3D00F09A21 /* utilities.h in Headers */ = {isa = PBXBuildFile; fileRef = DE221E880DD3E05B00DBD46E /* utilities.h */; settings = {ATTRIBUTES = (Private, ); }; };
		D1793C9F1B6BFB3D00F09A21 /* functions.h in Headers */ = {isa = PBXBuildFile; fileRef = D1B0B31B1524D2AD00791DAD /* functions.h */; settings = {ATTRIBUTES = (Private, ); }; };
		D1793CA01B6BFB3D00F09A21 /* NSArray+Extensions.h in Headers */ = {isa = PBXBuildFile; fileRef = D1B0B31C1524D2AD00791DAD /* NSArray+Extensions.h */; settings = {ATTRIBUTES = (Public, ); }; };
		D1793CA11B6BFB3D00F09A21 /* NSData+Extensions.h in Headers */ = {isa = PBXBuildFile; fileRef = D1B0B31E1524D2AD00791DAD /* NSData+Extensions.h */; settings = {ATTRIBUTES = (Public, ); }; };
		D1793CA21B6BFB3D00F09A21 /* NSObject+Extensions.h in Headers */ = {isa = PBXBuildFile; fileRef = D1B0B31F1524D2AD00791DAD /* NSObject+Extensions.h */; settings = {ATTRIBUTES = (Public, ); }; };
		D1793CA31B6BFB3D00F09A21 /* NSScanner+Extensions.h in Headers */ = {isa = PBXBuildFile; fileRef = D1B0B3201524D2AD00791DAD /* NSScanner+Extensions.h */; settings = {ATTRIBUTES = (Public, ); }; };
		D1793CA41B6BFB3D00F09A21 /* NSString+Extensions.h in Headers */ = {isa = PBXBuildFile; fileRef = D1B0B3211524D2AD00791DAD /* NSString+Extensions.h */; settings = {ATTRIBUTES = (Public, ); }; };
		D1793CA51B6BFB3D00F09A21 /* NSDate+NetExt.h in Headers */ = {isa = PBXBuildFile; fileRef = DE221EA90DD3E0AE00DBD46E /* NSDate+NetExt.h */; settings = {ATTRIBUTES = (Public, ); }; };
		D1793CA61B6BFB3D00F09A21 /* NSCharacterSet+MIME.h in Headers */ = {isa = PBXBuildFile; fileRef = DE221EAD0DD3E0AE00DBD46E /* NSCharacterSet+MIME.h */; settings = {ATTRIBUTES = (Public, ); }; };
		D1793CA71B6BFB3D00F09A21 /* NSData+MIME.h in Headers */ = {isa = PBXBuildFile; fileRef = DE221EAF0DD3E0AE00DBD46E /* NSData+MIME.h */; settings = {ATTRIBUTES = (Public, ); }; };
		D1793CA81B6BFB3D00F09A21 /* NSString+MessageUtils.h in Headers */ = {isa = PBXBuildFile; fileRef = DE221EB30DD3E0AE00DBD46E /* NSString+MessageUtils.h */; settings = {ATTRIBUTES = (Public, ); }; };
		D1793CA91B6BFB3D00F09A21 /* NSString+PlainTextFlowedExtensions.h in Headers */ = {isa = PBXBuildFile; fileRef = DE221EB50DD3E0AE00DBD46E /* NSString+PlainTextFlowedExtensions.h */; settings = {ATTRIBUTES = (Public, ); }; };
		D1793CAA1B6BFB3D00F09A21 /* EDLightWeightLock.h in Headers */ = {isa = PBXBuildFile; fileRef = D1B0B2E71524CFB500791DAD /* EDLightWeightLock.h */; settings = {ATTRIBUTES = (Public, ); }; };
		D1793CAB1B6BFB3D00F09A21 /* EDMutableObjectPair.h in Headers */ = {isa = PBXBuildFile; fileRef = D1B0B2E91524CFB500791DAD /* EDMutableObjectPair.h */; settings = {ATTRIBUTES = (Public, ); }; };
		D1793CAC1B6BFB3D00F09A21 /* EDObjectPair.h in Headers */ = {isa = PBXBuildFile; fileRef = D1B0B2EB1524CFB500791DAD /* EDObjectPair.h */; settings = {ATTRIBUTES = (Public, ); }; };
		D1793CAD1B6BFB3E00F09A21 /* EDStringScanner.h in Headers */ = {isa = PBXBuildFile; fileRef = D1B0B2ED1524CFB500791DAD /* EDStringScanner.h */; settings = {ATTRIBUTES = (Public, ); }; };
		D1793CAE1B6BFB3E00F09A21 /* EDMConstants.h in Headers */ = {isa = PBXBuildFile; fileRef = DE221EF10DD3E13B00DBD46E /* EDMConstants.h */; settings = {ATTRIBUTES = (Public, ); }; };
		D1793CAF1B6BFB3E00F09A21 /* EDHeaderBearingObject.h in Headers */ = {isa = PBXBuildFile; fileRef = DE221EED0DD3E13B00DBD46E /* EDHeaderBearingObject.h */; settings = {ATTRIBUTES = (Public, ); }; };
		D1793CB01B6BFB3E00F09A21 /* EDMessagePart.h in Headers */ = {isa = PBXBuildFile; fileRef = DE221EF30DD3E13B00DBD46E /* EDMessagePart.h */; settings = {ATTRIBUTES = (Public, ); }; };
		D1793CB11B6BFB3E00F09A21 /* EDInternetMessage.h in Headers */ = {isa = PBXBuildFile; fileRef = DE221EEF0DD3E13B00DBD46E /* EDInternetMessage.h */; settings = {ATTRIBUTES = (Public, ); }; };
		D1793CB21B6BFB3E00F09A21 /* EDDateFieldCoder.h in Headers */ = {isa = PBXBuildFile; fileRef = DE221EC70DD3E0DD00DBD46E /* EDDateFieldCoder.h */; settings = {ATTRIBUTES = (Public, ); }; };
		D1793CB31B6BFB3E00F09A21 /* EDEntityFieldCoder.h in Headers */ = {isa = PBXBuildFile; fileRef = DE221EC90DD3E0DD00DBD46E /* EDEntityFieldCoder.h */; settings = {ATTRIBUTES = (Public, ); }; };
		D1793CB41B6BFB3E00F09A21 /* EDHeaderFieldCoder.h in Headers */ = {isa = PBXBuildFile; fileRef = DE221ECD0DD3E0DD00DBD46E /* EDHeaderFieldCoder.h */; settings = {ATTRIBUTES = (Public, ); }; };
		D1793CB51B6BFB3E00F09A21 /* EDIdListFieldCoder.h in Headers */ = {isa = PBXBuildFile; fileRef = DE221ECF0DD3E0DD00DBD46E /* EDIdListFieldCoder.h */; settings = {ATTRIBUTES = (Public, ); }; };
		D1793CB61B6BFB3E00F09A21 /* EDTextFieldCoder.h in Headers */ = {isa = PBXBuildFile; fileRef = DE221ED10DD3E0DD00DBD46E /* EDTextFieldCoder.h */; settings = {ATTRIBUTES = (Public, ); }; };
		D1793CB71B6BFB3E00F09A21 /* EDCompositeContentCoder.h in Headers */ = {isa = PBXBuildFile; fileRef = DE221E8F0DD3E08400DBD46E /* EDCompositeContentCoder.h */; settings = {ATTRIBUTES = (Public, ); }; };
		D1793CB81B6BFB3E00F09A21 /* EDContentCoder.h in Headers */ = {isa = PBXBuildFile; fileRef = DE221E910DD3E08400DBD46E /* EDContentCoder.h */; settings = {ATTRIBUTES = (Public, ); }; };
		D1793CB91B6BFB3E00F09A21 /* EDHTMLTextContentCoder.h in Headers */ = {isa = PBXBuildFile; fileRef = DE221E930DD3E08400DBD46E /* EDHTMLTextContentCoder.h */; settings = {ATTRIBUTES = (Public, ); }; };
		D1793CBA1B6BFB3E00F09A21 /* EDMultimediaContentCoder.h in Headers */ = {isa = PBXBuildFile; fileRef = DE221E950DD3E08400DBD46E /* EDMultimediaContentCoder.h */; settings = {ATTRIBUTES = (Public, ); }; };
		D1793CBB1B6BFB3E00F09A21 /* EDPlainTextContentCoder.h in Headers */ = {isa = PBXBuildFile; fileRef = DE221E970DD3E08400DBD46E /* EDPlainTextContentCoder.h */; settings = {ATTRIBUTES = (Public, ); }; };
		D1793CBC1B6BFB3E00F09A21 /* EDTextContentCoder.h in Headers */ = {isa = PBXBuildFile; fileRef = DE221E990DD3E08400DBD46E /* EDTextContentCoder.h */; settings = {ATTRIBUTES = (Public, ); }; };
		D1793CBD1B6BFC5100F09A21 /* useful.m in Sources */ = {isa = PBXBuildFile; fileRef = D1AA50561524E0EA00300F15 /* useful.m */; };
		D1793CBE1B6BFC5100F09A21 /* functions.m in Sources */ = {isa = PBXBuildFile; fileRef = D1B0B3301524D2CE00791DAD /* functions.m */; };
		D1793CBF1B6BFC5100F09A21 /* NSArray+Extensions.m in Sources */ = {isa = PBXBuildFile; fileRef = D1B0B3311524D2CE00791DAD /* NSArray+Extensions.m */; };
		D1793CC01B6BFC5100F09A21 /* NSData+Extensions.m in Sources */ = {isa = PBXBuildFile; fileRef = D1B0B3331524D2CF00791DAD /* NSData+Extensions.m */; };
		D1793CC11B6BFC5100F09A21 /* NSObject+Extensions.m in Sources */ = {isa = PBXBuildFile; fileRef = D1B0B3341524D2D000791DAD /* NSObject+Extensions.m */; };
		D1793CC21B6BFC5100F09A21 /* NSScanner+Extensions.m in Sources */ = {isa = PBXBuildFile; fileRef = D1B0B3351524D2D100791DAD /* NSScanner+Extensions.m */; };
		D1793CC31B6BFC5100F09A21 /* NSString+Extensions.m in Sources */ = {isa = PBXBuildFile; fileRef = D1B0B3361524D2D200791DAD /* NSString+Extensions.m */; };
		D1793CC41B6BFC5100F09A21 /* NSDate+NetExt.m in Sources */ = {isa = PBXBuildFile; fileRef = DE221EAA0DD3E0AE00DBD46E /* NSDate+NetExt.m */; };
		D1793CC51B6BFC5100F09A21 /* NSCharacterSet+MIME.m in Sources */ = {isa = PBXBuildFile; fileRef = DE221EAE0DD3E0AE00DBD46E /* NSCharacterSet+MIME.m */; };
		D1793CC61B6BFC5100F09A21 /* NSData+MIME.m in Sources */ = {isa = PBXBuildFile; fileRef = DE221EB00DD3E0AE00DBD46E /* NSData+MIME.m */; };
		D1793CC71B6BFC5100F09A21 /* NSString+MessageUtils.m in Sources */ = {isa = PBXBuildFile; fileRef = DE221EB40DD3E0AE00DBD46E /* NSString+MessageUtils.m */; };
		D1793CC81B6BFC5100F09A21 /* NSString+PlainTextFlowedExtensions.m in Sources */ = {isa = PBXBuildFile; fileRef = DE221EB60DD3E0AE00DBD46E /* NSString+PlainTextFlowedExtensions.m */; };
		D1793CC91B6BFC5100F09A21 /* EDMutableObjectPair.m in Sources */ = {isa = PBXBuildFile; fileRef = D1B0B2EA1524CFB500791DAD /* EDMutableObjectPair.m */; };
		D1793CCA1B6BFC5100F09A21 /* EDObjectPair.m in Sources */ = {isa = PBXBuildFile; fileRef = D1B0B2EC1524CFB500791DAD /* EDObjectPair.m */; };
		D1793CCB1B6BFC5100F09A21 /* EDStringScanner.m in Sources */ = {isa = PBXBuildFile; fileRef = D1B0B2EE1524CFB500791DAD /* EDStringScanner.m */; };
		D1793CCC1B6BFC5100F09A21 /* EDHeaderBearingObject.m in Sources */ = {isa = PBXBuildFile; fileRef = DE221EEE0DD3E13B00DBD46E /* EDHeaderBearingObject.m */; };
		D1793CCD1B6BFC5100F09A21 /* EDMessagePart.m in Sources */ = {isa = PBXBuildFile; fileRef = DE221EF40DD3E13B00DBD46E /* EDMessagePart.m */; };
		D1793CCE1B6BFC5100F09A21 /* EDInternetMessage.m in Sources */ = {isa = PBXBuildFile; fileRef = DE221EF00DD3E13B00DBD46E /* EDInternetMessage.m */; };
		D1793CCF1B6BFC5100F09A21 /* EDMConstants.m in Sources */ = {isa = PBXBuildFile; fileRef = DE221EF20DD3E13B00DBD46E /* EDMConstants.m */; };
		D1793CD01B6BFC5100F09A21 /* EDDateFieldCoder.m in Sources */ = {isa = PBXBuildFile; fileRef = DE221EC80DD3E0DD00DBD46E /* EDDateFieldCoder.m */; };
		D1793CD11B6BFC5100F09A21 /* EDEntityFieldCoder.m in Sources */ = {isa = PBXBuildFile; fileRef = DE221ECA0DD3E0DD00DBD46E /* EDEntityFieldCoder.m */; };
		D1793CD21B6BFC5100F09A21 /* EDHeaderFieldCoder.m in Sources */ = {isa = PBXBuildFile; fileRef = DE221ECE0DD3E0DD00DBD46E /* EDHeaderFieldCoder.m */; };
		D1793CD31B6BFC5100F09A21 /* EDIdListFieldCoder.m in Sources */ = {isa = PBXBuildFile; fileRef = DE221ED00DD3E0DD00DBD46E /* EDIdListFieldCoder.m */; };
		D1793CD41B6BFC5100F09A21 /* EDTextFieldCoder.m in Sources */ = {isa = PBXBuildFile; fileRef = DE221ED20DD3E0DD00DBD46E /* EDTextFieldCoder.m */; };
		D1793CD51B6BFC5100F09A21 /* EDCompositeContentCoder.m in Sources */ = {isa = PBXBuildFile; fileRef = DE221E900DD3E08400DBD46E /* EDCompositeContentCoder.m */; };
		D1793CD61B6BFC5100F09A21 /* EDContentCoder.m in Sources */ = {isa = PBXBuildFile; fileRef = DE221E920DD3E08400DBD46E /* EDContentCoder.m */; };
		D1793CD71B6BFC5100F09A21 /* EDHTMLTextContentCoder.m in Sources */ = {isa = PBXBuildFile; fileRef = DE221E940DD3E08400DBD46E /* EDHTMLTextContentCoder.m */; };
		D1793CD81B6BFC5100F09A21 /* EDMultimediaContentCoder.m in Sources */ = {isa = PBXBuildFile; fileRef = DE221E960DD3E08400DBD46E /* EDMultimediaContentCoder.m */; };
		D1793CD91B6BFC5100F09A21 /* EDPlainTextContentCoder.m in Sources */ = {isa = PBXBuildFile; fileRef = DE221E980DD3E08400DBD46E /* EDPlainTextContentCoder.m */; };
		D1793CDA1B6BFC5100F09A21 /* EDTextContentCoder.m in Sources */ = {isa = PBXBuildFile; fileRef = DE221E9A0DD3E08400DBD46E /* EDTextContentCoder.m */; };
		D1793CDB1B6BFC7900F09A21 /* EDCommon.h in Headers */ = {isa = PBXBuildFile; fileRef = D1B0B2AE1524CEDE00791DAD /* EDCommon.h */; settings = {ATTRIBUTES = (Public, ); }; };
		D1793CDC1B6BFC7900F09A21 /* EDCommonDefines.h in Headers */ = {isa = PBXBuildFile; fileRef = D1B0B2AF1524CEDE00791DAD /* EDCommonDefines.h */; settings = {ATTRIBUTES = (Public, ); }; };
		D1793CDD1B6BFC7900F09A21 /* EDObjcRuntime.h in Headers */ = {isa = PBXBuildFile; fileRef = D1B0B2B01524CEDE00791DAD /* EDObjcRuntime.h */; settings = {ATTRIBUTES = (Public, ); }; };
		D1793CDE1B6BFC7900F09A21 /* osdep.h in Headers */ = {isa = PBXBuildFile; fileRef = D1B0B2B11524CEDE00791DAD /* osdep.h */; settings = {ATTRIBUTES = (Private, ); }; };
		D1793CDF1B6BFC7900F09A21 /* EDMessage.h in Headers */ = {isa = PBXBuildFile; fileRef = DE221E850DD3E05B00DBD46E /* EDMessage.h */; settings = {ATTRIBUTES = (Public, ); }; };
		D1793CE01B6BFC7900F09A21 /* EDMessageDefines.h in Headers */ = {isa = PBXBuildFile; fileRef = DE221E860DD3E05B00DBD46E /* EDMessageDefines.h */; settings = {ATTRIBUTES = (Public, ); }; };
		D1793CE11B6BFC7900F09A21 /* utilities.h in Headers */ = {isa = PBXBuildFile; fileRef = DE221E880DD3E05B00DBD46E /* utilities.h */; settings = {ATTRIBUTES = (Private, ); }; };
		D1793CE21B6BFC7900F09A21 /* functions.h in Headers */ = {isa = PBXBuildFile; fileRef = D1B0B31B1524D2AD00791DAD /* functions.h */; settings = {ATTRIBUTES = (Private, ); }; };
		D1793CE31B6BFC7900F09A21 /* NSArray+Extensions.h in Headers */ = {isa = PBXBuildFile; fileRef = D1B0B31C1524D2AD00791DAD /* NSArray+Extensions.h */; settings = {ATTRIBUTES = (Public, ); }; };
		D1793CE41B6BFC7900F09A21 /* NSData+Extensions.h in Headers */ = {isa = PBXBuildFile; fileRef = D1B0B31E1524D2AD00791DAD /* NSData+Extensions.h */; settings = {ATTRIBUTES = (Public, ); }; };
		D1793CE51B6BFC7900F09A21 /* NSObject+Extensions.h in Headers */ = {isa = PBXBuildFile; fileRef = D1B0B31F1524D2AD00791DAD /* NSObject+Extensions.h */; settings = {ATTRIBUTES = (Public, ); }; };
		D1793CE61B6BFC7900F09A21 /* NSScanner+Extensions.h in Headers */ = {isa = PBXBuildFile; fileRef = D1B0B3201524D2AD00791DAD /* NSScanner+Extensions.h */; settings = {ATTRIBUTES = (Public, ); }; };
		D1793CE71B6BFC7900F09A21 /* NSString+Extensions.h in Headers */ = {isa = PBXBuildFile; fileRef = D1B0B3211524D2AD00791DAD /* NSString+Extensions.h */; settings = {ATTRIBUTES = (Public, ); }; };
		D1793CE81B6BFC7900F09A21 /* NSDate+NetExt.h in Headers */ = {isa = PBXBuildFile; fileRef = DE221EA90DD3E0AE00DBD46E /* NSDate+NetExt.h */; settings = {ATTRIBUTES = (Public, ); }; };
		D1793CE91B6BFC7900F09A21 /* NSCharacterSet+MIME.h in Headers */ = {isa = PBXBuildFile; fileRef = DE221EAD0DD3E0AE00DBD46E /* NSCharacterSet+MIME.h */; settings = {ATTRIBUTES = (Public, ); }; };
		D1793CEA1B6BFC7900F09A21 /* NSData+MIME.h in Headers */ = {isa = PBXBuildFile; fileRef = DE221EAF0DD3E0AE00DBD46E /* NSData+MIME.h */; settings = {ATTRIBUTES = (Public, ); }; };
		D1793CEB1B6BFC7900F09A21 /* NSString+MessageUtils.h in Headers */ = {isa = PBXBuildFile; fileRef = DE221EB30DD3E0AE00DBD46E /* NSString+MessageUtils.h */; settings = {ATTRIBUTES = (Public, ); }; };
		D1793CEC1B6BFC7900F09A21 /* NSString+PlainTextFlowedExtensions.h in Headers */ = {isa = PBXBuildFile; fileRef = DE221EB50DD3E0AE00DBD46E /* NSString+PlainTextFlowedExtensions.h */; settings = {ATTRIBUTES = (Public, ); }; };
		D1793CED1B6BFC7900F09A21 /* EDLightWeightLock.h in Headers */ = {isa = PBXBuildFile; fileRef = D1B0B2E71524CFB500791DAD /* EDLightWeightLock.h */; settings = {ATTRIBUTES = (Public, ); }; };
		D1793CEE1B6BFC7900F09A21 /* EDMutableObjectPair.h in Headers */ = {isa = PBXBuildFile; fileRef = D1B0B2E91524CFB500791DAD /* EDMutableObjectPair.h */; settings = {ATTRIBUTES = (Public, ); }; };
		D1793CEF1B6BFC7900F09A21 /* EDObjectPair.h in Headers */ = {isa = PBXBuildFile; fileRef = D1B0B2EB1524CFB500791DAD /* EDObjectPair.h */; settings = {ATTRIBUTES = (Public, ); }; };
		D1793CF01B6BFC7900F09A21 /* EDStringScanner.h in Headers */ = {isa = PBXBuildFile; fileRef = D1B0B2ED1524CFB500791DAD /* EDStringScanner.h */; settings = {ATTRIBUTES = (Public, ); }; };
		D1793CF11B6BFC7900F09A21 /* EDMConstants.h in Headers */ = {isa = PBXBuildFile; fileRef = DE221EF10DD3E13B00DBD46E /* EDMConstants.h */; settings = {ATTRIBUTES = (Public, ); }; };
		D1793CF21B6BFC7900F09A21 /* EDHeaderBearingObject.h in Headers */ = {isa = PBXBuildFile; fileRef = DE221EED0DD3E13B00DBD46E /* EDHeaderBearingObject.h */; settings = {ATTRIBUTES = (Public, ); }; };
		D1793CF31B6BFC7900F09A21 /* EDMessagePart.h in Headers */ = {isa = PBXBuildFile; fileRef = DE221EF30DD3E13B00DBD46E /* EDMessagePart.h */; settings = {ATTRIBUTES = (Public, ); }; };
		D1793CF41B6BFC7900F09A21 /* EDInternetMessage.h in Headers */ = {isa = PBXBuildFile; fileRef = DE221EEF0DD3E13B00DBD46E /* EDInternetMessage.h */; settings = {ATTRIBUTES = (Public, ); }; };
		D1793CF51B6BFC7900F09A21 /* EDDateFieldCoder.h in Headers */ = {isa = PBXBuildFile; fileRef = DE221EC70DD3E0DD00DBD46E /* EDDateFieldCoder.h */; settings = {ATTRIBUTES = (Public, ); }; };
		D1793CF61B6BFC7900F09A21 /* EDEntityFieldCoder.h in Headers */ = {isa = PBXBuildFile; fileRef = DE221EC90DD3E0DD00DBD46E /* EDEntityFieldCoder.h */; settings = {ATTRIBUTES = (Public, ); }; };
		D1793CF71B6BFC7900F09A21 /* EDHeaderFieldCoder.h in Headers */ = {isa = PBXBuildFile; fileRef = DE221ECD0DD3E0DD00DBD46E /* EDHeaderFieldCoder.h */; settings = {ATTRIBUTES = (Public, ); }; };
		D1793CF81B6BFC7900F09A21 /* EDIdListFieldCoder.h in Headers */ = {isa = PBXBuildFile; fileRef = DE221ECF0DD3E0DD00DBD46E /* EDIdListFieldCoder.h */; settings = {ATTRIBUTES = (Public, ); }; };
		D1793CF91B6BFC7900F09A21 /* EDTextFieldCoder.h in Headers */ = {isa = PBXBuildFile; fileRef = DE221ED10DD3E0DD00DBD46E /* EDTextFieldCoder.h */; settings = {ATTRIBUTES = (Public, ); }; };
		D1793CFA1B6BFC7900F09A21 /* EDCompositeContentCoder.h in Headers */ = {isa = PBXBuildFile; fileRef = DE221E8F0DD3E08400DBD46E /* EDCompositeContentCoder.h */; settings = {ATTRIBUTES = (Public, ); }; };
		D1793CFB1B6BFC7900F09A21 /* EDContentCoder.h in Headers */ = {isa = PBXBuildFile; fileRef = DE221E910DD3E08400DBD46E /* EDContentCoder.h */; settings = {ATTRIBUTES = (Public, ); }; };
		D1793CFC1B6BFC7900F09A21 /* EDHTMLTextContentCoder.h in Headers */ = {isa = PBXBuildFile; fileRef = DE221E930DD3E08400DBD46E /* EDHTMLTextContentCoder.h */; settings = {ATTRIBUTES = (Public, ); }; };
		D1793CFD1B6BFC7900F09A21 /* EDMultimediaContentCoder.h in Headers */ = {isa = PBXBuildFile; fileRef = DE221E950DD3E08400DBD46E /* EDMultimediaContentCoder.h */; settings = {ATTRIBUTES = (Public, ); }; };
		D1793CFE1B6BFC7900F09A21 /* EDPlainTextContentCoder.h in Headers */ = {isa = PBXBuildFile; fileRef = DE221E970DD3E08400DBD46E /* EDPlainTextContentCoder.h */; settings = {ATTRIBUTES = (Public, ); }; };
		D1793CFF1B6BFC7900F09A21 /* EDTextContentCoder.h in Headers */ = {isa = PBXBuildFile; fileRef = DE221E990DD3E08400DBD46E /* EDTextContentCoder.h */; settings = {ATTRIBUTES = (Public, ); }; };
		D1934F451B6F700300BB1392 /* EDIdListFieldCoder.m in Sources */ = {isa = PBXBuildFile; fileRef = DE221ED00DD3E0DD00DBD46E /* EDIdListFieldCoder.m */; };
		D1934F461B6F700300BB1392 /* EDTextFieldCoder.m in Sources */ = {isa = PBXBuildFile; fileRef = DE221ED20DD3E0DD00DBD46E /* EDTextFieldCoder.m */; };
/* End PBXBuildFile section */

/* Begin PBXFileReference section */
		8DC2EF5A0486A6940098B216 /* Info.plist */ = {isa = PBXFileReference; fileEncoding = 4; lastKnownFileType = text.plist.xml; path = Info.plist; sourceTree = "<group>"; };
		D1375DC51770F21500542175 /* AppKit.framework */ = {isa = PBXFileReference; lastKnownFileType = wrapper.framework; name = AppKit.framework; path = System/Library/Frameworks/AppKit.framework; sourceTree = SDKROOT; };
		D15CC88D14E54DEC000047C3 /* Foundation.framework */ = {isa = PBXFileReference; lastKnownFileType = wrapper.framework; name = Foundation.framework; path = System/Library/Frameworks/Foundation.framework; sourceTree = SDKROOT; };
		D1793C451B6BFA6F00F09A21 /* EDMessage.framework */ = {isa = PBXFileReference; explicitFileType = wrapper.framework; includeInIndex = 0; path = EDMessage.framework; sourceTree = BUILT_PRODUCTS_DIR; };
		D1793C631B6BFA8200F09A21 /* EDMessage.framework */ = {isa = PBXFileReference; explicitFileType = wrapper.framework; includeInIndex = 0; path = EDMessage.framework; sourceTree = BUILT_PRODUCTS_DIR; };
		D1AA50561524E0EA00300F15 /* useful.m */ = {isa = PBXFileReference; fileEncoding = 4; lastKnownFileType = sourcecode.c.objc; path = useful.m; sourceTree = "<group>"; };
		D1B0B2AE1524CEDE00791DAD /* EDCommon.h */ = {isa = PBXFileReference; fileEncoding = 4; lastKnownFileType = sourcecode.c.h; path = EDCommon.h; sourceTree = "<group>"; };
		D1B0B2AF1524CEDE00791DAD /* EDCommonDefines.h */ = {isa = PBXFileReference; fileEncoding = 4; lastKnownFileType = sourcecode.c.h; path = EDCommonDefines.h; sourceTree = "<group>"; };
		D1B0B2B01524CEDE00791DAD /* EDObjcRuntime.h */ = {isa = PBXFileReference; fileEncoding = 4; lastKnownFileType = sourcecode.c.h; path = EDObjcRuntime.h; sourceTree = "<group>"; };
		D1B0B2B11524CEDE00791DAD /* osdep.h */ = {isa = PBXFileReference; fileEncoding = 4; lastKnownFileType = sourcecode.c.h; path = osdep.h; sourceTree = "<group>"; };
		D1B0B2E41524CF5B00791DAD /* MIME.plist */ = {isa = PBXFileReference; lastKnownFileType = text.plist; path = MIME.plist; sourceTree = "<group>"; };
		D1B0B2E71524CFB500791DAD /* EDLightWeightLock.h */ = {isa = PBXFileReference; fileEncoding = 4; lastKnownFileType = sourcecode.c.h; path = EDLightWeightLock.h; sourceTree = "<group>"; };
		D1B0B2E91524CFB500791DAD /* EDMutableObjectPair.h */ = {isa = PBXFileReference; fileEncoding = 4; lastKnownFileType = sourcecode.c.h; path = EDMutableObjectPair.h; sourceTree = "<group>"; };
		D1B0B2EA1524CFB500791DAD /* EDMutableObjectPair.m */ = {isa = PBXFileReference; fileEncoding = 4; lastKnownFileType = sourcecode.c.objc; path = EDMutableObjectPair.m; sourceTree = "<group>"; };
		D1B0B2EB1524CFB500791DAD /* EDObjectPair.h */ = {isa = PBXFileReference; fileEncoding = 4; lastKnownFileType = sourcecode.c.h; path = EDObjectPair.h; sourceTree = "<group>"; };
		D1B0B2EC1524CFB500791DAD /* EDObjectPair.m */ = {isa = PBXFileReference; fileEncoding = 4; lastKnownFileType = sourcecode.c.objc; path = EDObjectPair.m; sourceTree = "<group>"; };
		D1B0B2ED1524CFB500791DAD /* EDStringScanner.h */ = {isa = PBXFileReference; fileEncoding = 4; lastKnownFileType = sourcecode.c.h; path = EDStringScanner.h; sourceTree = "<group>"; };
		D1B0B2EE1524CFB500791DAD /* EDStringScanner.m */ = {isa = PBXFileReference; fileEncoding = 4; lastKnownFileType = sourcecode.c.objc; path = EDStringScanner.m; sourceTree = "<group>"; };
		D1B0B31B1524D2AD00791DAD /* functions.h */ = {isa = PBXFileReference; fileEncoding = 4; lastKnownFileType = sourcecode.c.h; name = functions.h; path = FoundationExtensions.subproj/functions.h; sourceTree = "<group>"; };
		D1B0B31C1524D2AD00791DAD /* NSArray+Extensions.h */ = {isa = PBXFileReference; fileEncoding = 4; lastKnownFileType = sourcecode.c.h; name = "NSArray+Extensions.h"; path = "FoundationExtensions.subproj/NSArray+Extensions.h"; sourceTree = "<group>"; };
		D1B0B31E1524D2AD00791DAD /* NSData+Extensions.h */ = {isa = PBXFileReference; fileEncoding = 4; lastKnownFileType = sourcecode.c.h; name = "NSData+Extensions.h"; path = "FoundationExtensions.subproj/NSData+Extensions.h"; sourceTree = "<group>"; };
		D1B0B31F1524D2AD00791DAD /* NSObject+Extensions.h */ = {isa = PBXFileReference; fileEncoding = 4; lastKnownFileType = sourcecode.c.h; name = "NSObject+Extensions.h"; path = "FoundationExtensions.subproj/NSObject+Extensions.h"; sourceTree = "<group>"; };
		D1B0B3201524D2AD00791DAD /* NSScanner+Extensions.h */ = {isa = PBXFileReference; fileEncoding = 4; lastKnownFileType = sourcecode.c.h; name = "NSScanner+Extensions.h"; path = "FoundationExtensions.subproj/NSScanner+Extensions.h"; sourceTree = "<group>"; };
		D1B0B3211524D2AD00791DAD /* NSString+Extensions.h */ = {isa = PBXFileReference; fileEncoding = 4; lastKnownFileType = sourcecode.c.h; name = "NSString+Extensions.h"; path = "FoundationExtensions.subproj/NSString+Extensions.h"; sourceTree = "<group>"; };
		D1B0B3301524D2CE00791DAD /* functions.m */ = {isa = PBXFileReference; fileEncoding = 4; lastKnownFileType = sourcecode.c.objc; name = functions.m; path = FoundationExtensions.subproj/functions.m; sourceTree = "<group>"; };
		D1B0B3311524D2CE00791DAD /* NSArray+Extensions.m */ = {isa = PBXFileReference; fileEncoding = 4; lastKnownFileType = sourcecode.c.objc; name = "NSArray+Extensions.m"; path = "FoundationExtensions.subproj/NSArray+Extensions.m"; sourceTree = "<group>"; };
		D1B0B3331524D2CF00791DAD /* NSData+Extensions.m */ = {isa = PBXFileReference; fileEncoding = 4; lastKnownFileType = sourcecode.c.objc; name = "NSData+Extensions.m"; path = "FoundationExtensions.subproj/NSData+Extensions.m"; sourceTree = "<group>"; };
		D1B0B3341524D2D000791DAD /* NSObject+Extensions.m */ = {isa = PBXFileReference; fileEncoding = 4; lastKnownFileType = sourcecode.c.objc; name = "NSObject+Extensions.m"; path = "FoundationExtensions.subproj/NSObject+Extensions.m"; sourceTree = "<group>"; };
		D1B0B3351524D2D100791DAD /* NSScanner+Extensions.m */ = {isa = PBXFileReference; fileEncoding = 4; lastKnownFileType = sourcecode.c.objc; name = "NSScanner+Extensions.m"; path = "FoundationExtensions.subproj/NSScanner+Extensions.m"; sourceTree = "<group>"; };
		D1B0B3361524D2D200791DAD /* NSString+Extensions.m */ = {isa = PBXFileReference; fileEncoding = 4; lastKnownFileType = sourcecode.c.objc; name = "NSString+Extensions.m"; path = "FoundationExtensions.subproj/NSString+Extensions.m"; sourceTree = "<group>"; };
		DE0C15950E61BA1F00C1BC3F /* parsedate.y */ = {isa = PBXFileReference; fileEncoding = 4; lastKnownFileType = sourcecode.yacc; name = parsedate.y; path = HeaderFieldCoder.subproj/parsedate.y; sourceTree = "<group>"; };
		DE221E850DD3E05B00DBD46E /* EDMessage.h */ = {isa = PBXFileReference; fileEncoding = 4; lastKnownFileType = sourcecode.c.h; path = EDMessage.h; sourceTree = "<group>"; };
		DE221E860DD3E05B00DBD46E /* EDMessageDefines.h */ = {isa = PBXFileReference; fileEncoding = 4; lastKnownFileType = sourcecode.c.h; path = EDMessageDefines.h; sourceTree = "<group>"; };
		DE221E880DD3E05B00DBD46E /* utilities.h */ = {isa = PBXFileReference; fileEncoding = 4; lastKnownFileType = sourcecode.c.h; path = utilities.h; sourceTree = "<group>"; };
		DE221E8F0DD3E08400DBD46E /* EDCompositeContentCoder.h */ = {isa = PBXFileReference; fileEncoding = 4; lastKnownFileType = sourcecode.c.h; name = EDCompositeContentCoder.h; path = ContentCoder.subproj/EDCompositeContentCoder.h; sourceTree = "<group>"; };
		DE221E900DD3E08400DBD46E /* EDCompositeContentCoder.m */ = {isa = PBXFileReference; fileEncoding = 4; lastKnownFileType = sourcecode.c.objc; name = EDCompositeContentCoder.m; path = ContentCoder.subproj/EDCompositeContentCoder.m; sourceTree = "<group>"; };
		DE221E910DD3E08400DBD46E /* EDContentCoder.h */ = {isa = PBXFileReference; fileEncoding = 4; lastKnownFileType = sourcecode.c.h; name = EDContentCoder.h; path = ContentCoder.subproj/EDContentCoder.h; sourceTree = "<group>"; };
		DE221E920DD3E08400DBD46E /* EDContentCoder.m */ = {isa = PBXFileReference; fileEncoding = 4; lastKnownFileType = sourcecode.c.objc; name = EDContentCoder.m; path = ContentCoder.subproj/EDContentCoder.m; sourceTree = "<group>"; };
		DE221E930DD3E08400DBD46E /* EDHTMLTextContentCoder.h */ = {isa = PBXFileReference; fileEncoding = 4; lastKnownFileType = sourcecode.c.h; name = EDHTMLTextContentCoder.h; path = ContentCoder.subproj/EDHTMLTextContentCoder.h; sourceTree = "<group>"; };
		DE221E940DD3E08400DBD46E /* EDHTMLTextContentCoder.m */ = {isa = PBXFileReference; fileEncoding = 4; lastKnownFileType = sourcecode.c.objc; name = EDHTMLTextContentCoder.m; path = ContentCoder.subproj/EDHTMLTextContentCoder.m; sourceTree = "<group>"; };
		DE221E950DD3E08400DBD46E /* EDMultimediaContentCoder.h */ = {isa = PBXFileReference; fileEncoding = 4; lastKnownFileType = sourcecode.c.h; name = EDMultimediaContentCoder.h; path = ContentCoder.subproj/EDMultimediaContentCoder.h; sourceTree = "<group>"; };
		DE221E960DD3E08400DBD46E /* EDMultimediaContentCoder.m */ = {isa = PBXFileReference; fileEncoding = 4; lastKnownFileType = sourcecode.c.objc; name = EDMultimediaContentCoder.m; path = ContentCoder.subproj/EDMultimediaContentCoder.m; sourceTree = "<group>"; };
		DE221E970DD3E08400DBD46E /* EDPlainTextContentCoder.h */ = {isa = PBXFileReference; fileEncoding = 4; lastKnownFileType = sourcecode.c.h; name = EDPlainTextContentCoder.h; path = ContentCoder.subproj/EDPlainTextContentCoder.h; sourceTree = "<group>"; };
		DE221E980DD3E08400DBD46E /* EDPlainTextContentCoder.m */ = {isa = PBXFileReference; fileEncoding = 4; lastKnownFileType = sourcecode.c.objc; name = EDPlainTextContentCoder.m; path = ContentCoder.subproj/EDPlainTextContentCoder.m; sourceTree = "<group>"; };
		DE221E990DD3E08400DBD46E /* EDTextContentCoder.h */ = {isa = PBXFileReference; fileEncoding = 4; lastKnownFileType = sourcecode.c.h; name = EDTextContentCoder.h; path = ContentCoder.subproj/EDTextContentCoder.h; sourceTree = "<group>"; };
		DE221E9A0DD3E08400DBD46E /* EDTextContentCoder.m */ = {isa = PBXFileReference; fileEncoding = 4; lastKnownFileType = sourcecode.c.objc; name = EDTextContentCoder.m; path = ContentCoder.subproj/EDTextContentCoder.m; sourceTree = "<group>"; };
		DE221EA90DD3E0AE00DBD46E /* NSDate+NetExt.h */ = {isa = PBXFileReference; fileEncoding = 4; lastKnownFileType = sourcecode.c.h; name = "NSDate+NetExt.h"; path = "FoundationExtensions.subproj/NSDate+NetExt.h"; sourceTree = "<group>"; };
		DE221EAA0DD3E0AE00DBD46E /* NSDate+NetExt.m */ = {isa = PBXFileReference; fileEncoding = 4; lastKnownFileType = sourcecode.c.objc; name = "NSDate+NetExt.m"; path = "FoundationExtensions.subproj/NSDate+NetExt.m"; sourceTree = "<group>"; };
		DE221EAD0DD3E0AE00DBD46E /* NSCharacterSet+MIME.h */ = {isa = PBXFileReference; fileEncoding = 4; lastKnownFileType = sourcecode.c.h; name = "NSCharacterSet+MIME.h"; path = "FoundationExtensions.subproj/NSCharacterSet+MIME.h"; sourceTree = "<group>"; };
		DE221EAE0DD3E0AE00DBD46E /* NSCharacterSet+MIME.m */ = {isa = PBXFileReference; fileEncoding = 4; lastKnownFileType = sourcecode.c.objc; name = "NSCharacterSet+MIME.m"; path = "FoundationExtensions.subproj/NSCharacterSet+MIME.m"; sourceTree = "<group>"; };
		DE221EAF0DD3E0AE00DBD46E /* NSData+MIME.h */ = {isa = PBXFileReference; fileEncoding = 4; lastKnownFileType = sourcecode.c.h; name = "NSData+MIME.h"; path = "FoundationExtensions.subproj/NSData+MIME.h"; sourceTree = "<group>"; };
		DE221EB00DD3E0AE00DBD46E /* NSData+MIME.m */ = {isa = PBXFileReference; fileEncoding = 4; lastKnownFileType = sourcecode.c.objc; name = "NSData+MIME.m"; path = "FoundationExtensions.subproj/NSData+MIME.m"; sourceTree = "<group>"; };
		DE221EB30DD3E0AE00DBD46E /* NSString+MessageUtils.h */ = {isa = PBXFileReference; fileEncoding = 4; lastKnownFileType = sourcecode.c.h; name = "NSString+MessageUtils.h"; path = "FoundationExtensions.subproj/NSString+MessageUtils.h"; sourceTree = "<group>"; };
		DE221EB40DD3E0AE00DBD46E /* NSString+MessageUtils.m */ = {isa = PBXFileReference; fileEncoding = 4; lastKnownFileType = sourcecode.c.objc; name = "NSString+MessageUtils.m"; path = "FoundationExtensions.subproj/NSString+MessageUtils.m"; sourceTree = "<group>"; };
		DE221EB50DD3E0AE00DBD46E /* NSString+PlainTextFlowedExtensions.h */ = {isa = PBXFileReference; fileEncoding = 4; lastKnownFileType = sourcecode.c.h; name = "NSString+PlainTextFlowedExtensions.h"; path = "FoundationExtensions.subproj/NSString+PlainTextFlowedExtensions.h"; sourceTree = "<group>"; };
		DE221EB60DD3E0AE00DBD46E /* NSString+PlainTextFlowedExtensions.m */ = {isa = PBXFileReference; fileEncoding = 4; lastKnownFileType = sourcecode.c.objc; name = "NSString+PlainTextFlowedExtensions.m"; path = "FoundationExtensions.subproj/NSString+PlainTextFlowedExtensions.m"; sourceTree = "<group>"; };
		DE221EC70DD3E0DD00DBD46E /* EDDateFieldCoder.h */ = {isa = PBXFileReference; fileEncoding = 4; lastKnownFileType = sourcecode.c.h; name = EDDateFieldCoder.h; path = HeaderFieldCoder.subproj/EDDateFieldCoder.h; sourceTree = "<group>"; };
		DE221EC80DD3E0DD00DBD46E /* EDDateFieldCoder.m */ = {isa = PBXFileReference; fileEncoding = 4; lastKnownFileType = sourcecode.c.objc; name = EDDateFieldCoder.m; path = HeaderFieldCoder.subproj/EDDateFieldCoder.m; sourceTree = "<group>"; };
		DE221EC90DD3E0DD00DBD46E /* EDEntityFieldCoder.h */ = {isa = PBXFileReference; fileEncoding = 4; lastKnownFileType = sourcecode.c.h; name = EDEntityFieldCoder.h; path = HeaderFieldCoder.subproj/EDEntityFieldCoder.h; sourceTree = "<group>"; };
		DE221ECA0DD3E0DD00DBD46E /* EDEntityFieldCoder.m */ = {isa = PBXFileReference; fileEncoding = 4; lastKnownFileType = sourcecode.c.objc; name = EDEntityFieldCoder.m; path = HeaderFieldCoder.subproj/EDEntityFieldCoder.m; sourceTree = "<group>"; };
		DE221ECD0DD3E0DD00DBD46E /* EDHeaderFieldCoder.h */ = {isa = PBXFileReference; fileEncoding = 4; lastKnownFileType = sourcecode.c.h; name = EDHeaderFieldCoder.h; path = HeaderFieldCoder.subproj/EDHeaderFieldCoder.h; sourceTree = "<group>"; };
		DE221ECE0DD3E0DD00DBD46E /* EDHeaderFieldCoder.m */ = {isa = PBXFileReference; fileEncoding = 4; lastKnownFileType = sourcecode.c.objc; name = EDHeaderFieldCoder.m; path = HeaderFieldCoder.subproj/EDHeaderFieldCoder.m; sourceTree = "<group>"; };
		DE221ECF0DD3E0DD00DBD46E /* EDIdListFieldCoder.h */ = {isa = PBXFileReference; fileEncoding = 4; lastKnownFileType = sourcecode.c.h; name = EDIdListFieldCoder.h; path = HeaderFieldCoder.subproj/EDIdListFieldCoder.h; sourceTree = "<group>"; };
		DE221ED00DD3E0DD00DBD46E /* EDIdListFieldCoder.m */ = {isa = PBXFileReference; fileEncoding = 4; lastKnownFileType = sourcecode.c.objc; name = EDIdListFieldCoder.m; path = HeaderFieldCoder.subproj/EDIdListFieldCoder.m; sourceTree = "<group>"; };
		DE221ED10DD3E0DD00DBD46E /* EDTextFieldCoder.h */ = {isa = PBXFileReference; fileEncoding = 4; lastKnownFileType = sourcecode.c.h; name = EDTextFieldCoder.h; path = HeaderFieldCoder.subproj/EDTextFieldCoder.h; sourceTree = "<group>"; };
		DE221ED20DD3E0DD00DBD46E /* EDTextFieldCoder.m */ = {isa = PBXFileReference; fileEncoding = 4; lastKnownFileType = sourcecode.c.objc; name = EDTextFieldCoder.m; path = HeaderFieldCoder.subproj/EDTextFieldCoder.m; sourceTree = "<group>"; };
		DE221EED0DD3E13B00DBD46E /* EDHeaderBearingObject.h */ = {isa = PBXFileReference; fileEncoding = 4; lastKnownFileType = sourcecode.c.h; name = EDHeaderBearingObject.h; path = Message.subproj/EDHeaderBearingObject.h; sourceTree = "<group>"; };
		DE221EEE0DD3E13B00DBD46E /* EDHeaderBearingObject.m */ = {isa = PBXFileReference; fileEncoding = 4; lastKnownFileType = sourcecode.c.objc; name = EDHeaderBearingObject.m; path = Message.subproj/EDHeaderBearingObject.m; sourceTree = "<group>"; };
		DE221EEF0DD3E13B00DBD46E /* EDInternetMessage.h */ = {isa = PBXFileReference; fileEncoding = 4; lastKnownFileType = sourcecode.c.h; name = EDInternetMessage.h; path = Message.subproj/EDInternetMessage.h; sourceTree = "<group>"; };
		DE221EF00DD3E13B00DBD46E /* EDInternetMessage.m */ = {isa = PBXFileReference; fileEncoding = 4; lastKnownFileType = sourcecode.c.objc; name = EDInternetMessage.m; path = Message.subproj/EDInternetMessage.m; sourceTree = "<group>"; };
		DE221EF10DD3E13B00DBD46E /* EDMConstants.h */ = {isa = PBXFileReference; fileEncoding = 4; lastKnownFileType = sourcecode.c.h; name = EDMConstants.h; path = Message.subproj/EDMConstants.h; sourceTree = "<group>"; };
		DE221EF20DD3E13B00DBD46E /* EDMConstants.m */ = {isa = PBXFileReference; fileEncoding = 4; lastKnownFileType = sourcecode.c.objc; name = EDMConstants.m; path = Message.subproj/EDMConstants.m; sourceTree = "<group>"; };
		DE221EF30DD3E13B00DBD46E /* EDMessagePart.h */ = {isa = PBXFileReference; fileEncoding = 4; lastKnownFileType = sourcecode.c.h; name = EDMessagePart.h; path = Message.subproj/EDMessagePart.h; sourceTree = "<group>"; };
		DE221EF40DD3E13B00DBD46E /* EDMessagePart.m */ = {isa = PBXFileReference; fileEncoding = 4; lastKnownFileType = sourcecode.c.objc; name = EDMessagePart.m; path = Message.subproj/EDMessagePart.m; sourceTree = "<group>"; };
		DEDA090E0DDA2A6300A8B498 /* EDMessageTOC.html */ = {isa = PBXFileReference; fileEncoding = 4; lastKnownFileType = text.html; path = EDMessageTOC.html; sourceTree = "<group>"; };
/* End PBXFileReference section */

/* Begin PBXFrameworksBuildPhase section */
		D1793C411B6BFA6F00F09A21 /* Frameworks */ = {
			isa = PBXFrameworksBuildPhase;
			buildActionMask = 2147483647;
			files = (
			);
			runOnlyForDeploymentPostprocessing = 0;
		};
		D1793C5F1B6BFA8200F09A21 /* Frameworks */ = {
			isa = PBXFrameworksBuildPhase;
			buildActionMask = 2147483647;
			files = (
			);
			runOnlyForDeploymentPostprocessing = 0;
		};
/* End PBXFrameworksBuildPhase section */

/* Begin PBXGroup section */
		034768DFFF38A50411DB9C8B /* Products */ = {
			isa = PBXGroup;
			children = (
				D1793C451B6BFA6F00F09A21 /* EDMessage.framework */,
				D1793C631B6BFA8200F09A21 /* EDMessage.framework */,
			);
			name = Products;
			sourceTree = "<group>";
		};
		0867D691FE84028FC02AAC07 /* EDMessage */ = {
			isa = PBXGroup;
			children = (
				DE158C0B0E198E7F00447697 /* Global Headers */,
				DE158C0C0E198F7B00447697 /* FoundationExtensions */,
				D1B0B2E61524CFB500791DAD /* DataStructures */,
				DE221EEC0DD3E12400DBD46E /* Message */,
				DE158C1B0E1993EC00447697 /* HeaderFieldCoder */,
				DE221E8E0DD3E06300DBD46E /* ContentCoder */,
				089C1665FE841158C02AAC07 /* Resources */,
				D15CC88C14E54DEC000047C3 /* Frameworks */,
				034768DFFF38A50411DB9C8B /* Products */,
				DEDA09150DDA2A8100A8B498 /* Documentation */,
			);
			name = EDMessage;
			sourceTree = "<group>";
		};
		089C1665FE841158C02AAC07 /* Resources */ = {
			isa = PBXGroup;
			children = (
				D1B0B2E41524CF5B00791DAD /* MIME.plist */,
				8DC2EF5A0486A6940098B216 /* Info.plist */,
			);
			name = Resources;
			sourceTree = "<group>";
		};
		D15CC88C14E54DEC000047C3 /* Frameworks */ = {
			isa = PBXGroup;
			children = (
				D15CC88D14E54DEC000047C3 /* Foundation.framework */,
				D1375DC51770F21500542175 /* AppKit.framework */,
			);
			name = Frameworks;
			sourceTree = "<group>";
		};
		D1B0B2E61524CFB500791DAD /* DataStructures */ = {
			isa = PBXGroup;
			children = (
				D1B0B3011524CFE900791DAD /* Classes */,
				D1B0B3001524CFDA00791DAD /* Headers */,
			);
			name = DataStructures;
			path = DataStructures.subproj;
			sourceTree = "<group>";
		};
		D1B0B3001524CFDA00791DAD /* Headers */ = {
			isa = PBXGroup;
			children = (
				D1B0B2E71524CFB500791DAD /* EDLightWeightLock.h */,
				D1B0B2E91524CFB500791DAD /* EDMutableObjectPair.h */,
				D1B0B2EB1524CFB500791DAD /* EDObjectPair.h */,
				D1B0B2ED1524CFB500791DAD /* EDStringScanner.h */,
			);
			name = Headers;
			sourceTree = "<group>";
		};
		D1B0B3011524CFE900791DAD /* Classes */ = {
			isa = PBXGroup;
			children = (
				D1B0B2EA1524CFB500791DAD /* EDMutableObjectPair.m */,
				D1B0B2EC1524CFB500791DAD /* EDObjectPair.m */,
				D1B0B2EE1524CFB500791DAD /* EDStringScanner.m */,
			);
			name = Classes;
			sourceTree = "<group>";
		};
		DE158C0B0E198E7F00447697 /* Global Headers */ = {
			isa = PBXGroup;
			children = (
				D1B0B2AE1524CEDE00791DAD /* EDCommon.h */,
				D1B0B2AF1524CEDE00791DAD /* EDCommonDefines.h */,
				D1B0B2B01524CEDE00791DAD /* EDObjcRuntime.h */,
				D1B0B2B11524CEDE00791DAD /* osdep.h */,
				DE221E850DD3E05B00DBD46E /* EDMessage.h */,
				DE221E860DD3E05B00DBD46E /* EDMessageDefines.h */,
				DE221E880DD3E05B00DBD46E /* utilities.h */,
			);
			name = "Global Headers";
			sourceTree = "<group>";
		};
		DE158C0C0E198F7B00447697 /* FoundationExtensions */ = {
			isa = PBXGroup;
			children = (
				DE158C0D0E198F8E00447697 /* Headers */,
				DE158C0E0E198F9700447697 /* Classes */,
			);
			name = FoundationExtensions;
			sourceTree = "<group>";
		};
		DE158C0D0E198F8E00447697 /* Headers */ = {
			isa = PBXGroup;
			children = (
				D1B0B31B1524D2AD00791DAD /* functions.h */,
				D1B0B31C1524D2AD00791DAD /* NSArray+Extensions.h */,
				D1B0B31E1524D2AD00791DAD /* NSData+Extensions.h */,
				D1B0B31F1524D2AD00791DAD /* NSObject+Extensions.h */,
				D1B0B3201524D2AD00791DAD /* NSScanner+Extensions.h */,
				D1B0B3211524D2AD00791DAD /* NSString+Extensions.h */,
				DE221EA90DD3E0AE00DBD46E /* NSDate+NetExt.h */,
				DE221EAD0DD3E0AE00DBD46E /* NSCharacterSet+MIME.h */,
				DE221EAF0DD3E0AE00DBD46E /* NSData+MIME.h */,
				DE221EB30DD3E0AE00DBD46E /* NSString+MessageUtils.h */,
				DE221EB50DD3E0AE00DBD46E /* NSString+PlainTextFlowedExtensions.h */,
			);
			name = Headers;
			sourceTree = "<group>";
		};
		DE158C0E0E198F9700447697 /* Classes */ = {
			isa = PBXGroup;
			children = (
				D1AA50561524E0EA00300F15 /* useful.m */,
				D1B0B3301524D2CE00791DAD /* functions.m */,
				D1B0B3311524D2CE00791DAD /* NSArray+Extensions.m */,
				D1B0B3331524D2CF00791DAD /* NSData+Extensions.m */,
				D1B0B3341524D2D000791DAD /* NSObject+Extensions.m */,
				D1B0B3351524D2D100791DAD /* NSScanner+Extensions.m */,
				D1B0B3361524D2D200791DAD /* NSString+Extensions.m */,
				DE221EAA0DD3E0AE00DBD46E /* NSDate+NetExt.m */,
				DE221EAE0DD3E0AE00DBD46E /* NSCharacterSet+MIME.m */,
				DE221EB00DD3E0AE00DBD46E /* NSData+MIME.m */,
				DE221EB40DD3E0AE00DBD46E /* NSString+MessageUtils.m */,
				DE221EB60DD3E0AE00DBD46E /* NSString+PlainTextFlowedExtensions.m */,
			);
			name = Classes;
			sourceTree = "<group>";
		};
		DE158C130E1991F100447697 /* Headers */ = {
			isa = PBXGroup;
			children = (
				DE221EF10DD3E13B00DBD46E /* EDMConstants.h */,
				DE221EED0DD3E13B00DBD46E /* EDHeaderBearingObject.h */,
				DE221EF30DD3E13B00DBD46E /* EDMessagePart.h */,
				DE221EEF0DD3E13B00DBD46E /* EDInternetMessage.h */,
			);
			name = Headers;
			sourceTree = "<group>";
		};
		DE158C140E1991FA00447697 /* Classes */ = {
			isa = PBXGroup;
			children = (
				DE221EEE0DD3E13B00DBD46E /* EDHeaderBearingObject.m */,
				DE221EF40DD3E13B00DBD46E /* EDMessagePart.m */,
				DE221EF00DD3E13B00DBD46E /* EDInternetMessage.m */,
			);
			name = Classes;
			sourceTree = "<group>";
		};
		DE158C170E1992FB00447697 /* Other Sources */ = {
			isa = PBXGroup;
			children = (
				DE221EF20DD3E13B00DBD46E /* EDMConstants.m */,
			);
			name = "Other Sources";
			sourceTree = "<group>";
		};
		DE158C1B0E1993EC00447697 /* HeaderFieldCoder */ = {
			isa = PBXGroup;
			children = (
				DE158C1E0E19941300447697 /* Headers */,
				DE158C1D0E19940900447697 /* Classes */,
				DE158C1C0E19940000447697 /* Other Sources */,
			);
			name = HeaderFieldCoder;
			sourceTree = "<group>";
		};
		DE158C1C0E19940000447697 /* Other Sources */ = {
			isa = PBXGroup;
			children = (
				DE0C15950E61BA1F00C1BC3F /* parsedate.y */,
			);
			name = "Other Sources";
			sourceTree = "<group>";
		};
		DE158C1D0E19940900447697 /* Classes */ = {
			isa = PBXGroup;
			children = (
				DE221EC80DD3E0DD00DBD46E /* EDDateFieldCoder.m */,
				DE221ECA0DD3E0DD00DBD46E /* EDEntityFieldCoder.m */,
				DE221ECE0DD3E0DD00DBD46E /* EDHeaderFieldCoder.m */,
				DE221ED00DD3E0DD00DBD46E /* EDIdListFieldCoder.m */,
				DE221ED20DD3E0DD00DBD46E /* EDTextFieldCoder.m */,
			);
			name = Classes;
			sourceTree = "<group>";
		};
		DE158C1E0E19941300447697 /* Headers */ = {
			isa = PBXGroup;
			children = (
				DE221EC70DD3E0DD00DBD46E /* EDDateFieldCoder.h */,
				DE221EC90DD3E0DD00DBD46E /* EDEntityFieldCoder.h */,
				DE221ECD0DD3E0DD00DBD46E /* EDHeaderFieldCoder.h */,
				DE221ECF0DD3E0DD00DBD46E /* EDIdListFieldCoder.h */,
				DE221ED10DD3E0DD00DBD46E /* EDTextFieldCoder.h */,
			);
			name = Headers;
			sourceTree = "<group>";
		};
		DE158C2F0E19957600447697 /* Classes */ = {
			isa = PBXGroup;
			children = (
				DE221E900DD3E08400DBD46E /* EDCompositeContentCoder.m */,
				DE221E920DD3E08400DBD46E /* EDContentCoder.m */,
				DE221E940DD3E08400DBD46E /* EDHTMLTextContentCoder.m */,
				DE221E960DD3E08400DBD46E /* EDMultimediaContentCoder.m */,
				DE221E980DD3E08400DBD46E /* EDPlainTextContentCoder.m */,
				DE221E9A0DD3E08400DBD46E /* EDTextContentCoder.m */,
			);
			name = Classes;
			sourceTree = "<group>";
		};
		DE158C300E19958000447697 /* Headers */ = {
			isa = PBXGroup;
			children = (
				DE221E8F0DD3E08400DBD46E /* EDCompositeContentCoder.h */,
				DE221E910DD3E08400DBD46E /* EDContentCoder.h */,
				DE221E930DD3E08400DBD46E /* EDHTMLTextContentCoder.h */,
				DE221E950DD3E08400DBD46E /* EDMultimediaContentCoder.h */,
				DE221E970DD3E08400DBD46E /* EDPlainTextContentCoder.h */,
				DE221E990DD3E08400DBD46E /* EDTextContentCoder.h */,
			);
			name = Headers;
			sourceTree = "<group>";
		};
		DE221E8E0DD3E06300DBD46E /* ContentCoder */ = {
			isa = PBXGroup;
			children = (
				DE158C300E19958000447697 /* Headers */,
				DE158C2F0E19957600447697 /* Classes */,
			);
			name = ContentCoder;
			sourceTree = "<group>";
		};
		DE221EEC0DD3E12400DBD46E /* Message */ = {
			isa = PBXGroup;
			children = (
				DE158C130E1991F100447697 /* Headers */,
				DE158C140E1991FA00447697 /* Classes */,
				DE158C170E1992FB00447697 /* Other Sources */,
			);
			name = Message;
			sourceTree = "<group>";
		};
		DEDA09150DDA2A8100A8B498 /* Documentation */ = {
			isa = PBXGroup;
			children = (
				DEDA090E0DDA2A6300A8B498 /* EDMessageTOC.html */,
			);
			name = Documentation;
			sourceTree = "<group>";
		};
/* End PBXGroup section */

/* Begin PBXHeadersBuildPhase section */
		D1793C421B6BFA6F00F09A21 /* Headers */ = {
			isa = PBXHeadersBuildPhase;
			buildActionMask = 2147483647;
			files = (
				D1793C981B6BFB3D00F09A21 /* EDCommon.h in Headers */,
				D1793C991B6BFB3D00F09A21 /* EDCommonDefines.h in Headers */,
				D1793C9A1B6BFB3D00F09A21 /* EDObjcRuntime.h in Headers */,
				D1793C9C1B6BFB3D00F09A21 /* EDMessage.h in Headers */,
				D1793C9D1B6BFB3D00F09A21 /* EDMessageDefines.h in Headers */,
				D1793CA01B6BFB3D00F09A21 /* NSArray+Extensions.h in Headers */,
				D1793CA11B6BFB3D00F09A21 /* NSData+Extensions.h in Headers */,
				D1793CA21B6BFB3D00F09A21 /* NSObject+Extensions.h in Headers */,
				D1793CA31B6BFB3D00F09A21 /* NSScanner+Extensions.h in Headers */,
				D1793CA41B6BFB3D00F09A21 /* NSString+Extensions.h in Headers */,
				D1793CA51B6BFB3D00F09A21 /* NSDate+NetExt.h in Headers */,
				D1793CA61B6BFB3D00F09A21 /* NSCharacterSet+MIME.h in Headers */,
				D1793CA71B6BFB3D00F09A21 /* NSData+MIME.h in Headers */,
				D1793CA81B6BFB3D00F09A21 /* NSString+MessageUtils.h in Headers */,
				D1793CA91B6BFB3D00F09A21 /* NSString+PlainTextFlowedExtensions.h in Headers */,
				D1793CAA1B6BFB3D00F09A21 /* EDLightWeightLock.h in Headers */,
				D1793CAB1B6BFB3D00F09A21 /* EDMutableObjectPair.h in Headers */,
				D1793CAC1B6BFB3D00F09A21 /* EDObjectPair.h in Headers */,
				D1793CAD1B6BFB3E00F09A21 /* EDStringScanner.h in Headers */,
				D1793CAE1B6BFB3E00F09A21 /* EDMConstants.h in Headers */,
				D1793CAF1B6BFB3E00F09A21 /* EDHeaderBearingObject.h in Headers */,
				D1793CB01B6BFB3E00F09A21 /* EDMessagePart.h in Headers */,
				D1793CB11B6BFB3E00F09A21 /* EDInternetMessage.h in Headers */,
				D1793CB21B6BFB3E00F09A21 /* EDDateFieldCoder.h in Headers */,
				D1793CB31B6BFB3E00F09A21 /* EDEntityFieldCoder.h in Headers */,
				D1793CB41B6BFB3E00F09A21 /* EDHeaderFieldCoder.h in Headers */,
				D1793CB51B6BFB3E00F09A21 /* EDIdListFieldCoder.h in Headers */,
				D1793CB61B6BFB3E00F09A21 /* EDTextFieldCoder.h in Headers */,
				D1793CB71B6BFB3E00F09A21 /* EDCompositeContentCoder.h in Headers */,
				D1793CB81B6BFB3E00F09A21 /* EDContentCoder.h in Headers */,
				D1793CB91B6BFB3E00F09A21 /* EDHTMLTextContentCoder.h in Headers */,
				D1793CBA1B6BFB3E00F09A21 /* EDMultimediaContentCoder.h in Headers */,
				D1793CBB1B6BFB3E00F09A21 /* EDPlainTextContentCoder.h in Headers */,
				D1793CBC1B6BFB3E00F09A21 /* EDTextContentCoder.h in Headers */,
				D1793C9B1B6BFB3D00F09A21 /* osdep.h in Headers */,
				D1793C9E1B6BFB3D00F09A21 /* utilities.h in Headers */,
				D1793C9F1B6BFB3D00F09A21 /* functions.h in Headers */,
			);
			runOnlyForDeploymentPostprocessing = 0;
		};
		D1793C601B6BFA8200F09A21 /* Headers */ = {
			isa = PBXHeadersBuildPhase;
			buildActionMask = 2147483647;
			files = (
				D1793CDB1B6BFC7900F09A21 /* EDCommon.h in Headers */,
				D1793CDC1B6BFC7900F09A21 /* EDCommonDefines.h in Headers */,
				D1793CDD1B6BFC7900F09A21 /* EDObjcRuntime.h in Headers */,
				D1793CDF1B6BFC7900F09A21 /* EDMessage.h in Headers */,
				D1793CE01B6BFC7900F09A21 /* EDMessageDefines.h in Headers */,
				D1793CE31B6BFC7900F09A21 /* NSArray+Extensions.h in Headers */,
				D1793CE41B6BFC7900F09A21 /* NSData+Extensions.h in Headers */,
				D1793CE51B6BFC7900F09A21 /* NSObject+Extensions.h in Headers */,
				D1793CE61B6BFC7900F09A21 /* NSScanner+Extensions.h in Headers */,
				D1793CE71B6BFC7900F09A21 /* NSString+Extensions.h in Headers */,
				D1793CE81B6BFC7900F09A21 /* NSDate+NetExt.h in Headers */,
				D1793CE91B6BFC7900F09A21 /* NSCharacterSet+MIME.h in Headers */,
				D1793CEA1B6BFC7900F09A21 /* NSData+MIME.h in Headers */,
				D1793CEB1B6BFC7900F09A21 /* NSString+MessageUtils.h in Headers */,
				D1793CEC1B6BFC7900F09A21 /* NSString+PlainTextFlowedExtensions.h in Headers */,
				D1793CED1B6BFC7900F09A21 /* EDLightWeightLock.h in Headers */,
				D1793CEE1B6BFC7900F09A21 /* EDMutableObjectPair.h in Headers */,
				D1793CEF1B6BFC7900F09A21 /* EDObjectPair.h in Headers */,
				D1793CF01B6BFC7900F09A21 /* EDStringScanner.h in Headers */,
				D1793CF11B6BFC7900F09A21 /* EDMConstants.h in Headers */,
				D1793CF21B6BFC7900F09A21 /* EDHeaderBearingObject.h in Headers */,
				D1793CF31B6BFC7900F09A21 /* EDMessagePart.h in Headers */,
				D1793CF41B6BFC7900F09A21 /* EDInternetMessage.h in Headers */,
				D1793CF51B6BFC7900F09A21 /* EDDateFieldCoder.h in Headers */,
				D1793CF61B6BFC7900F09A21 /* EDEntityFieldCoder.h in Headers */,
				D1793CF71B6BFC7900F09A21 /* EDHeaderFieldCoder.h in Headers */,
				D1793CF81B6BFC7900F09A21 /* EDIdListFieldCoder.h in Headers */,
				D1793CF91B6BFC7900F09A21 /* EDTextFieldCoder.h in Headers */,
				D1793CFA1B6BFC7900F09A21 /* EDCompositeContentCoder.h in Headers */,
				D1793CFB1B6BFC7900F09A21 /* EDContentCoder.h in Headers */,
				D1793CFC1B6BFC7900F09A21 /* EDHTMLTextContentCoder.h in Headers */,
				D1793CFD1B6BFC7900F09A21 /* EDMultimediaContentCoder.h in Headers */,
				D1793CFE1B6BFC7900F09A21 /* EDPlainTextContentCoder.h in Headers */,
				D1793CFF1B6BFC7900F09A21 /* EDTextContentCoder.h in Headers */,
				D1793CDE1B6BFC7900F09A21 /* osdep.h in Headers */,
				D1793CE11B6BFC7900F09A21 /* utilities.h in Headers */,
				D1793CE21B6BFC7900F09A21 /* functions.h in Headers */,
			);
			runOnlyForDeploymentPostprocessing = 0;
		};
/* End PBXHeadersBuildPhase section */

/* Begin PBXNativeTarget section */
		D1793C441B6BFA6F00F09A21 /* EDMessage Mac */ = {
			isa = PBXNativeTarget;
			buildConfigurationList = D1793C581B6BFA6F00F09A21 /* Build configuration list for PBXNativeTarget "EDMessage Mac" */;
			buildPhases = (
				D1793C401B6BFA6F00F09A21 /* Sources */,
				D1793C411B6BFA6F00F09A21 /* Frameworks */,
				D1793C421B6BFA6F00F09A21 /* Headers */,
				D1793C431B6BFA6F00F09A21 /* Resources */,
			);
			buildRules = (
			);
			dependencies = (
			);
			name = "EDMessage Mac";
			productName = "EDMessage Mac";
			productReference = D1793C451B6BFA6F00F09A21 /* EDMessage.framework */;
			productType = "com.apple.product-type.framework";
		};
		D1793C621B6BFA8200F09A21 /* EDMessage iOS */ = {
			isa = PBXNativeTarget;
			buildConfigurationList = D1793C761B6BFA8200F09A21 /* Build configuration list for PBXNativeTarget "EDMessage iOS" */;
			buildPhases = (
				D1793C5E1B6BFA8200F09A21 /* Sources */,
				D1793C5F1B6BFA8200F09A21 /* Frameworks */,
				D1793C601B6BFA8200F09A21 /* Headers */,
				D1793C611B6BFA8200F09A21 /* Resources */,
			);
			buildRules = (
			);
			dependencies = (
			);
			name = "EDMessage iOS";
			productName = "EDMessage iOS";
			productReference = D1793C631B6BFA8200F09A21 /* EDMessage.framework */;
			productType = "com.apple.product-type.framework";
		};
/* End PBXNativeTarget section */

/* Begin PBXProject section */
		0867D690FE84028FC02AAC07 /* Project object */ = {
			isa = PBXProject;
			attributes = {
				LastUpgradeCheck = 0810;
				TargetAttributes = {
					D1793C441B6BFA6F00F09A21 = {
						CreatedOnToolsVersion = 6.4;
					};
					D1793C621B6BFA8200F09A21 = {
						CreatedOnToolsVersion = 6.4;
					};
				};
			};
			buildConfigurationList = 1DEB91B108733DA50010E9CD /* Build configuration list for PBXProject "EDMessage" */;
			compatibilityVersion = "Xcode 3.2";
			developmentRegion = English;
			hasScannedForEncodings = 1;
			knownRegions = (
				en,
			);
			mainGroup = 0867D691FE84028FC02AAC07 /* EDMessage */;
			productRefGroup = 034768DFFF38A50411DB9C8B /* Products */;
			projectDirPath = "";
			projectRoot = "";
			targets = (
				D1793C441B6BFA6F00F09A21 /* EDMessage Mac */,
				D1793C621B6BFA8200F09A21 /* EDMessage iOS */,
			);
		};
/* End PBXProject section */

/* Begin PBXResourcesBuildPhase section */
		D1793C431B6BFA6F00F09A21 /* Resources */ = {
			isa = PBXResourcesBuildPhase;
			buildActionMask = 2147483647;
			files = (
			);
			runOnlyForDeploymentPostprocessing = 0;
		};
		D1793C611B6BFA8200F09A21 /* Resources */ = {
			isa = PBXResourcesBuildPhase;
			buildActionMask = 2147483647;
			files = (
			);
			runOnlyForDeploymentPostprocessing = 0;
		};
/* End PBXResourcesBuildPhase section */

/* Begin PBXSourcesBuildPhase section */
		D1793C401B6BFA6F00F09A21 /* Sources */ = {
			isa = PBXSourcesBuildPhase;
			buildActionMask = 2147483647;
			files = (
				D1934F451B6F700300BB1392 /* EDIdListFieldCoder.m in Sources */,
				D1934F461B6F700300BB1392 /* EDTextFieldCoder.m in Sources */,
				D1793C921B6BFB0B00F09A21 /* EDCompositeContentCoder.m in Sources */,
				D1793C931B6BFB0B00F09A21 /* EDContentCoder.m in Sources */,
				D1793C941B6BFB0B00F09A21 /* EDHTMLTextContentCoder.m in Sources */,
				D1793C951B6BFB0B00F09A21 /* EDMultimediaContentCoder.m in Sources */,
				D1793C961B6BFB0B00F09A21 /* EDPlainTextContentCoder.m in Sources */,
				D1793C971B6BFB0B00F09A21 /* EDTextContentCoder.m in Sources */,
				D1793C7C1B6BFAFA00F09A21 /* useful.m in Sources */,
				D1793C7D1B6BFAFA00F09A21 /* functions.m in Sources */,
				D1793C7E1B6BFAFA00F09A21 /* NSArray+Extensions.m in Sources */,
				D1793C7F1B6BFAFA00F09A21 /* NSData+Extensions.m in Sources */,
				D1793C801B6BFAFA00F09A21 /* NSObject+Extensions.m in Sources */,
				D1793C811B6BFAFA00F09A21 /* NSScanner+Extensions.m in Sources */,
				D1793C821B6BFAFA00F09A21 /* NSString+Extensions.m in Sources */,
				D1793C831B6BFAFA00F09A21 /* NSDate+NetExt.m in Sources */,
				D1793C841B6BFAFA00F09A21 /* NSCharacterSet+MIME.m in Sources */,
				D1793C851B6BFAFA00F09A21 /* NSData+MIME.m in Sources */,
				D1793C861B6BFAFA00F09A21 /* NSString+MessageUtils.m in Sources */,
				D1793C871B6BFAFA00F09A21 /* NSString+PlainTextFlowedExtensions.m in Sources */,
				D1793C881B6BFAFA00F09A21 /* EDMutableObjectPair.m in Sources */,
				D1793C891B6BFAFA00F09A21 /* EDObjectPair.m in Sources */,
				D1793C8A1B6BFAFA00F09A21 /* EDStringScanner.m in Sources */,
				D1793C8B1B6BFAFA00F09A21 /* EDHeaderBearingObject.m in Sources */,
				D1793C8C1B6BFAFA00F09A21 /* EDMessagePart.m in Sources */,
				D1793C8D1B6BFAFA00F09A21 /* EDInternetMessage.m in Sources */,
				D1793C8E1B6BFAFA00F09A21 /* EDMConstants.m in Sources */,
				D1793C8F1B6BFAFA00F09A21 /* EDDateFieldCoder.m in Sources */,
				D1793C901B6BFAFA00F09A21 /* EDEntityFieldCoder.m in Sources */,
				D1793C911B6BFAFA00F09A21 /* EDHeaderFieldCoder.m in Sources */,
			);
			runOnlyForDeploymentPostprocessing = 0;
		};
		D1793C5E1B6BFA8200F09A21 /* Sources */ = {
			isa = PBXSourcesBuildPhase;
			buildActionMask = 2147483647;
			files = (
				D1793CBD1B6BFC5100F09A21 /* useful.m in Sources */,
				D1793CBE1B6BFC5100F09A21 /* functions.m in Sources */,
				D1793CBF1B6BFC5100F09A21 /* NSArray+Extensions.m in Sources */,
				D1793CC01B6BFC5100F09A21 /* NSData+Extensions.m in Sources */,
				D1793CC11B6BFC5100F09A21 /* NSObject+Extensions.m in Sources */,
				D1793CC21B6BFC5100F09A21 /* NSScanner+Extensions.m in Sources */,
				D1793CC31B6BFC5100F09A21 /* NSString+Extensions.m in Sources */,
				D1793CC41B6BFC5100F09A21 /* NSDate+NetExt.m in Sources */,
				D1793CC51B6BFC5100F09A21 /* NSCharacterSet+MIME.m in Sources */,
				D1793CC61B6BFC5100F09A21 /* NSData+MIME.m in Sources */,
				D1793CC71B6BFC5100F09A21 /* NSString+MessageUtils.m in Sources */,
				D1793CC81B6BFC5100F09A21 /* NSString+PlainTextFlowedExtensions.m in Sources */,
				D1793CC91B6BFC5100F09A21 /* EDMutableObjectPair.m in Sources */,
				D1793CCA1B6BFC5100F09A21 /* EDObjectPair.m in Sources */,
				D1793CCB1B6BFC5100F09A21 /* EDStringScanner.m in Sources */,
				D1793CCC1B6BFC5100F09A21 /* EDHeaderBearingObject.m in Sources */,
				D1793CCD1B6BFC5100F09A21 /* EDMessagePart.m in Sources */,
				D1793CCE1B6BFC5100F09A21 /* EDInternetMessage.m in Sources */,
				D1793CCF1B6BFC5100F09A21 /* EDMConstants.m in Sources */,
				D1793CD01B6BFC5100F09A21 /* EDDateFieldCoder.m in Sources */,
				D1793CD11B6BFC5100F09A21 /* EDEntityFieldCoder.m in Sources */,
				D1793CD21B6BFC5100F09A21 /* EDHeaderFieldCoder.m in Sources */,
				D1793CD31B6BFC5100F09A21 /* EDIdListFieldCoder.m in Sources */,
				D1793CD41B6BFC5100F09A21 /* EDTextFieldCoder.m in Sources */,
				D1793CD51B6BFC5100F09A21 /* EDCompositeContentCoder.m in Sources */,
				D1793CD61B6BFC5100F09A21 /* EDContentCoder.m in Sources */,
				D1793CD71B6BFC5100F09A21 /* EDHTMLTextContentCoder.m in Sources */,
				D1793CD81B6BFC5100F09A21 /* EDMultimediaContentCoder.m in Sources */,
				D1793CD91B6BFC5100F09A21 /* EDPlainTextContentCoder.m in Sources */,
				D1793CDA1B6BFC5100F09A21 /* EDTextContentCoder.m in Sources */,
			);
			runOnlyForDeploymentPostprocessing = 0;
		};
/* End PBXSourcesBuildPhase section */

/* Begin XCBuildConfiguration section */
		1DEB91B208733DA50010E9CD /* Debug */ = {
			isa = XCBuildConfiguration;
			buildSettings = {
				CLANG_WARN_BOOL_CONVERSION = YES;
				CLANG_WARN_CONSTANT_CONVERSION = YES;
				CLANG_WARN_EMPTY_BODY = YES;
				CLANG_WARN_ENUM_CONVERSION = YES;
				CLANG_WARN_INFINITE_RECURSION = YES;
				CLANG_WARN_INT_CONVERSION = YES;
				CLANG_WARN_SUSPICIOUS_MOVE = YES;
				CLANG_WARN_UNREACHABLE_CODE = YES;
				CLANG_WARN__DUPLICATE_METHOD_MATCH = YES;
				ENABLE_TESTABILITY = YES;
				GCC_NO_COMMON_BLOCKS = YES;
				GCC_WARN_64_TO_32_BIT_CONVERSION = YES;
				GCC_WARN_ABOUT_RETURN_TYPE = YES;
				GCC_WARN_UNDECLARED_SELECTOR = YES;
				GCC_WARN_UNINITIALIZED_AUTOS = YES;
				GCC_WARN_UNUSED_FUNCTION = YES;
				GCC_WARN_UNUSED_VARIABLE = YES;
				IPHONEOS_DEPLOYMENT_TARGET = 8.0;
				MACOSX_DEPLOYMENT_TARGET = 10.7;
				ONLY_ACTIVE_ARCH = YES;
			};
			name = Debug;
		};
		1DEB91B308733DA50010E9CD /* Release */ = {
			isa = XCBuildConfiguration;
			buildSettings = {
				CLANG_WARN_BOOL_CONVERSION = YES;
				CLANG_WARN_CONSTANT_CONVERSION = YES;
				CLANG_WARN_EMPTY_BODY = YES;
				CLANG_WARN_ENUM_CONVERSION = YES;
				CLANG_WARN_INFINITE_RECURSION = YES;
				CLANG_WARN_INT_CONVERSION = YES;
				CLANG_WARN_SUSPICIOUS_MOVE = YES;
				CLANG_WARN_UNREACHABLE_CODE = YES;
				CLANG_WARN__DUPLICATE_METHOD_MATCH = YES;
				GCC_NO_COMMON_BLOCKS = YES;
				GCC_WARN_64_TO_32_BIT_CONVERSION = YES;
				GCC_WARN_ABOUT_RETURN_TYPE = YES;
				GCC_WARN_UNDECLARED_SELECTOR = YES;
				GCC_WARN_UNINITIALIZED_AUTOS = YES;
				GCC_WARN_UNUSED_FUNCTION = YES;
				GCC_WARN_UNUSED_VARIABLE = YES;
				IPHONEOS_DEPLOYMENT_TARGET = 8.0;
				MACOSX_DEPLOYMENT_TARGET = 10.7;
			};
			name = Release;
		};
		D1793C591B6BFA6F00F09A21 /* Release */ = {
			isa = XCBuildConfiguration;
			buildSettings = {
				ALWAYS_SEARCH_USER_PATHS = NO;
				CLANG_CXX_LANGUAGE_STANDARD = "gnu++0x";
				CLANG_CXX_LIBRARY = "libc++";
				CLANG_ENABLE_MODULES = YES;
				CLANG_ENABLE_OBJC_ARC = YES;
				CLANG_WARN_BOOL_CONVERSION = YES;
				CLANG_WARN_CONSTANT_CONVERSION = YES;
				CLANG_WARN_DIRECT_OBJC_ISA_USAGE = YES_ERROR;
				CLANG_WARN_EMPTY_BODY = YES;
				CLANG_WARN_ENUM_CONVERSION = YES;
				CLANG_WARN_INT_CONVERSION = YES;
				CLANG_WARN_OBJC_ROOT_CLASS = YES_ERROR;
				CLANG_WARN_UNREACHABLE_CODE = YES;
				CLANG_WARN__DUPLICATE_METHOD_MATCH = YES;
				COMBINE_HIDPI_IMAGES = YES;
				COPY_PHASE_STRIP = NO;
				CURRENT_PROJECT_VERSION = 1;
				DEBUG_INFORMATION_FORMAT = "dwarf-with-dsym";
				DEFINES_MODULE = YES;
				DYLIB_COMPATIBILITY_VERSION = 1;
				DYLIB_CURRENT_VERSION = 1;
				DYLIB_INSTALL_NAME_BASE = "@rpath";
				ENABLE_NS_ASSERTIONS = NO;
				FRAMEWORK_VERSION = A;
				GCC_C_LANGUAGE_STANDARD = gnu99;
				GCC_NO_COMMON_BLOCKS = YES;
				GCC_WARN_64_TO_32_BIT_CONVERSION = YES;
				GCC_WARN_ABOUT_RETURN_TYPE = YES_ERROR;
				GCC_WARN_UNDECLARED_SELECTOR = YES;
				GCC_WARN_UNINITIALIZED_AUTOS = YES_AGGRESSIVE;
				GCC_WARN_UNUSED_FUNCTION = YES;
				GCC_WARN_UNUSED_VARIABLE = YES;
				INFOPLIST_FILE = Info.plist;
				INSTALL_PATH = "$(LOCAL_LIBRARY_DIR)/Frameworks";
				LD_RUNPATH_SEARCH_PATHS = "$(inherited) @executable_path/../Frameworks @loader_path/Frameworks";
				MTL_ENABLE_DEBUG_INFO = NO;
				PRODUCT_BUNDLE_IDENTIFIER = "com.mulle-kybernetik.EDMessage";
				PRODUCT_NAME = "$(PROJECT_NAME)";
				SDKROOT = macosx;
				SKIP_INSTALL = YES;
				VERSIONING_SYSTEM = "apple-generic";
				VERSION_INFO_PREFIX = "";
			};
			name = Release;
		};
		D1793C5A1B6BFA6F00F09A21 /* Debug */ = {
			isa = XCBuildConfiguration;
			buildSettings = {
				ALWAYS_SEARCH_USER_PATHS = NO;
				CLANG_CXX_LANGUAGE_STANDARD = "gnu++0x";
				CLANG_CXX_LIBRARY = "libc++";
				CLANG_ENABLE_MODULES = YES;
				CLANG_ENABLE_OBJC_ARC = YES;
				CLANG_WARN_BOOL_CONVERSION = YES;
				CLANG_WARN_CONSTANT_CONVERSION = YES;
				CLANG_WARN_DIRECT_OBJC_ISA_USAGE = YES_ERROR;
				CLANG_WARN_EMPTY_BODY = YES;
				CLANG_WARN_ENUM_CONVERSION = YES;
				CLANG_WARN_INT_CONVERSION = YES;
				CLANG_WARN_OBJC_ROOT_CLASS = YES_ERROR;
				CLANG_WARN_UNREACHABLE_CODE = YES;
				CLANG_WARN__DUPLICATE_METHOD_MATCH = YES;
				COMBINE_HIDPI_IMAGES = YES;
				COPY_PHASE_STRIP = NO;
				CURRENT_PROJECT_VERSION = 1;
				DEBUG_INFORMATION_FORMAT = dwarf;
				DEFINES_MODULE = YES;
				DYLIB_COMPATIBILITY_VERSION = 1;
				DYLIB_CURRENT_VERSION = 1;
				DYLIB_INSTALL_NAME_BASE = "@rpath";
				FRAMEWORK_VERSION = A;
				GCC_C_LANGUAGE_STANDARD = gnu99;
				GCC_DYNAMIC_NO_PIC = NO;
				GCC_NO_COMMON_BLOCKS = YES;
				GCC_OPTIMIZATION_LEVEL = 0;
				GCC_PREPROCESSOR_DEFINITIONS = (
					"DEBUG=1",
					"$(inherited)",
				);
				GCC_SYMBOLS_PRIVATE_EXTERN = NO;
				GCC_WARN_64_TO_32_BIT_CONVERSION = YES;
				GCC_WARN_ABOUT_RETURN_TYPE = YES_ERROR;
				GCC_WARN_UNDECLARED_SELECTOR = YES;
				GCC_WARN_UNINITIALIZED_AUTOS = YES_AGGRESSIVE;
				GCC_WARN_UNUSED_FUNCTION = YES;
				GCC_WARN_UNUSED_VARIABLE = YES;
				INFOPLIST_FILE = Info.plist;
				INSTALL_PATH = "$(LOCAL_LIBRARY_DIR)/Frameworks";
				LD_RUNPATH_SEARCH_PATHS = "$(inherited) @executable_path/../Frameworks @loader_path/Frameworks";
				MTL_ENABLE_DEBUG_INFO = YES;
				ONLY_ACTIVE_ARCH = YES;
				PRODUCT_BUNDLE_IDENTIFIER = "com.mulle-kybernetik.EDMessage";
				PRODUCT_NAME = "$(PROJECT_NAME)";
				SDKROOT = macosx;
				SKIP_INSTALL = YES;
				VERSIONING_SYSTEM = "apple-generic";
				VERSION_INFO_PREFIX = "";
			};
			name = Debug;
		};
		D1793C771B6BFA8200F09A21 /* Release */ = {
			isa = XCBuildConfiguration;
			buildSettings = {
				ALWAYS_SEARCH_USER_PATHS = NO;
				CLANG_CXX_LANGUAGE_STANDARD = "gnu++0x";
				CLANG_CXX_LIBRARY = "libc++";
				CLANG_ENABLE_MODULES = YES;
				CLANG_ENABLE_OBJC_ARC = YES;
				CLANG_WARN_BOOL_CONVERSION = YES;
				CLANG_WARN_CONSTANT_CONVERSION = YES;
				CLANG_WARN_DIRECT_OBJC_ISA_USAGE = YES_ERROR;
				CLANG_WARN_EMPTY_BODY = YES;
				CLANG_WARN_ENUM_CONVERSION = YES;
				CLANG_WARN_INT_CONVERSION = YES;
				CLANG_WARN_OBJC_ROOT_CLASS = YES_ERROR;
				CLANG_WARN_UNREACHABLE_CODE = YES;
				CLANG_WARN__DUPLICATE_METHOD_MATCH = YES;
				"CODE_SIGN_IDENTITY[sdk=iphoneos*]" = "";
				COPY_PHASE_STRIP = NO;
				CURRENT_PROJECT_VERSION = 1;
				DEBUG_INFORMATION_FORMAT = "dwarf-with-dsym";
				DEFINES_MODULE = YES;
				DYLIB_COMPATIBILITY_VERSION = 1;
				DYLIB_CURRENT_VERSION = 1;
				DYLIB_INSTALL_NAME_BASE = "@rpath";
				ENABLE_NS_ASSERTIONS = NO;
				GCC_C_LANGUAGE_STANDARD = gnu99;
				GCC_NO_COMMON_BLOCKS = YES;
				GCC_WARN_64_TO_32_BIT_CONVERSION = YES;
				GCC_WARN_ABOUT_RETURN_TYPE = YES_ERROR;
				GCC_WARN_UNDECLARED_SELECTOR = YES;
				GCC_WARN_UNINITIALIZED_AUTOS = YES_AGGRESSIVE;
				GCC_WARN_UNUSED_FUNCTION = YES;
				GCC_WARN_UNUSED_VARIABLE = YES;
				INFOPLIST_FILE = Info.plist;
				INSTALL_PATH = "$(LOCAL_LIBRARY_DIR)/Frameworks";
				IPHONEOS_DEPLOYMENT_TARGET = 8.4;
				LD_RUNPATH_SEARCH_PATHS = "$(inherited) @executable_path/Frameworks @loader_path/Frameworks";
				MTL_ENABLE_DEBUG_INFO = NO;
				PRODUCT_BUNDLE_IDENTIFIER = "com.mulle-kybernetik.EDMessage";
				PRODUCT_NAME = "$(PROJECT_NAME)";
				SDKROOT = iphoneos;
				SKIP_INSTALL = YES;
				TARGETED_DEVICE_FAMILY = "1,2";
				VALIDATE_PRODUCT = YES;
				VERSIONING_SYSTEM = "apple-generic";
				VERSION_INFO_PREFIX = "";
			};
			name = Release;
		};
		D1793C781B6BFA8200F09A21 /* Debug */ = {
			isa = XCBuildConfiguration;
			buildSettings = {
				ALWAYS_SEARCH_USER_PATHS = NO;
				CLANG_CXX_LANGUAGE_STANDARD = "gnu++0x";
				CLANG_CXX_LIBRARY = "libc++";
				CLANG_ENABLE_MODULES = YES;
				CLANG_ENABLE_OBJC_ARC = YES;
				CLANG_WARN_BOOL_CONVERSION = YES;
				CLANG_WARN_CONSTANT_CONVERSION = YES;
				CLANG_WARN_DIRECT_OBJC_ISA_USAGE = YES_ERROR;
				CLANG_WARN_EMPTY_BODY = YES;
				CLANG_WARN_ENUM_CONVERSION = YES;
				CLANG_WARN_INT_CONVERSION = YES;
				CLANG_WARN_OBJC_ROOT_CLASS = YES_ERROR;
				CLANG_WARN_UNREACHABLE_CODE = YES;
				CLANG_WARN__DUPLICATE_METHOD_MATCH = YES;
				"CODE_SIGN_IDENTITY[sdk=iphoneos*]" = "";
				COPY_PHASE_STRIP = NO;
				CURRENT_PROJECT_VERSION = 1;
				DEBUG_INFORMATION_FORMAT = "dwarf-with-dsym";
				DEFINES_MODULE = YES;
				DYLIB_COMPATIBILITY_VERSION = 1;
				DYLIB_CURRENT_VERSION = 1;
				DYLIB_INSTALL_NAME_BASE = "@rpath";
				GCC_C_LANGUAGE_STANDARD = gnu99;
				GCC_DYNAMIC_NO_PIC = NO;
				GCC_NO_COMMON_BLOCKS = YES;
				GCC_OPTIMIZATION_LEVEL = 0;
				GCC_PREPROCESSOR_DEFINITIONS = (
					"DEBUG=1",
					"$(inherited)",
				);
				GCC_SYMBOLS_PRIVATE_EXTERN = NO;
				GCC_WARN_64_TO_32_BIT_CONVERSION = YES;
				GCC_WARN_ABOUT_RETURN_TYPE = YES_ERROR;
				GCC_WARN_UNDECLARED_SELECTOR = YES;
				GCC_WARN_UNINITIALIZED_AUTOS = YES_AGGRESSIVE;
				GCC_WARN_UNUSED_FUNCTION = YES;
				GCC_WARN_UNUSED_VARIABLE = YES;
				INFOPLIST_FILE = Info.plist;
				INSTALL_PATH = "$(LOCAL_LIBRARY_DIR)/Frameworks";
				IPHONEOS_DEPLOYMENT_TARGET = 8.4;
				LD_RUNPATH_SEARCH_PATHS = "$(inherited) @executable_path/Frameworks @loader_path/Frameworks";
				MTL_ENABLE_DEBUG_INFO = YES;
				PRODUCT_BUNDLE_IDENTIFIER = "com.mulle-kybernetik.EDMessage";
				PRODUCT_NAME = "$(PROJECT_NAME)";
				SDKROOT = iphoneos;
				SKIP_INSTALL = YES;
				TARGETED_DEVICE_FAMILY = "1,2";
				VERSIONING_SYSTEM = "apple-generic";
				VERSION_INFO_PREFIX = "";
			};
			name = Debug;
		};
/* End XCBuildConfiguration section */

/* Begin XCConfigurationList section */
		1DEB91B108733DA50010E9CD /* Build configuration list for PBXProject "EDMessage" */ = {
			isa = XCConfigurationList;
			buildConfigurations = (
				1DEB91B308733DA50010E9CD /* Release */,
				1DEB91B208733DA50010E9CD /* Debug */,
			);
			defaultConfigurationIsVisible = 0;
			defaultConfigurationName = Release;
		};
		D1793C581B6BFA6F00F09A21 /* Build configuration list for PBXNativeTarget "EDMessage Mac" */ = {
			isa = XCConfigurationList;
			buildConfigurations = (
				D1793C591B6BFA6F00F09A21 /* Release */,
				D1793C5A1B6BFA6F00F09A21 /* Debug */,
			);
			defaultConfigurationIsVisible = 0;
			defaultConfigurationName = Release;
		};
		D1793C761B6BFA8200F09A21 /* Build configuration list for PBXNativeTarget "EDMessage iOS" */ = {
			isa = XCConfigurationList;
			buildConfigurations = (
				D1793C771B6BFA8200F09A21 /* Release */,
				D1793C781B6BFA8200F09A21 /* Debug */,
			);
			defaultConfigurationIsVisible = 0;
			defaultConfigurationName = Release;
		};
/* End XCConfigurationList section */
	};
	rootObject = 0867D690FE84028FC02AAC07 /* Project object */;
}
